// !$*UTF8*$!
{
	archiveVersion = 1;
	classes = {
	};
	objectVersion = 46;
	objects = {

/* Begin PBXBuildFile section */
		3F2844691E488E94001E8ED3 /* AppDelegate.swift in Sources */ = {isa = PBXBuildFile; fileRef = 3F2844681E488E94001E8ED3 /* AppDelegate.swift */; };
		3F28446B1E488E94001E8ED3 /* QuestionViewController.swift in Sources */ = {isa = PBXBuildFile; fileRef = 3F28446A1E488E94001E8ED3 /* QuestionViewController.swift */; };
		3F28446E1E488E94001E8ED3 /* Main.storyboard in Resources */ = {isa = PBXBuildFile; fileRef = 3F28446C1E488E94001E8ED3 /* Main.storyboard */; };
		3F2844701E488E94001E8ED3 /* Assets.xcassets in Resources */ = {isa = PBXBuildFile; fileRef = 3F28446F1E488E94001E8ED3 /* Assets.xcassets */; };
		3F2844731E488E94001E8ED3 /* LaunchScreen.storyboard in Resources */ = {isa = PBXBuildFile; fileRef = 3F2844711E488E94001E8ED3 /* LaunchScreen.storyboard */; };
		3F28447E1E488E94001E8ED3 /* ProjetImerirAppTests.swift in Sources */ = {isa = PBXBuildFile; fileRef = 3F28447D1E488E94001E8ED3 /* ProjetImerirAppTests.swift */; };
		3F28448C1E488EE5001E8ED3 /* DesignableView.swift in Sources */ = {isa = PBXBuildFile; fileRef = 3F28448B1E488EE5001E8ED3 /* DesignableView.swift */; };
		3F28448E1E488F23001E8ED3 /* DesignableButton.swift in Sources */ = {isa = PBXBuildFile; fileRef = 3F28448D1E488F23001E8ED3 /* DesignableButton.swift */; };
		3F2844901E488F30001E8ED3 /* DesignableLabel.swift in Sources */ = {isa = PBXBuildFile; fileRef = 3F28448F1E488F30001E8ED3 /* DesignableLabel.swift */; };
		3F2844921E488F94001E8ED3 /* BuildElementApp.swift in Sources */ = {isa = PBXBuildFile; fileRef = 3F2844911E488F94001E8ED3 /* BuildElementApp.swift */; };
		3F2844941E488FA3001E8ED3 /* ProfilJoueur.swift in Sources */ = {isa = PBXBuildFile; fileRef = 3F2844931E488FA3001E8ED3 /* ProfilJoueur.swift */; };
		3F2844961E488FB9001E8ED3 /* OutletExtension.swift in Sources */ = {isa = PBXBuildFile; fileRef = 3F2844951E488FB9001E8ED3 /* OutletExtension.swift */; };
		3F28449A1E48B4F7001E8ED3 /* DialogueViewController.swift in Sources */ = {isa = PBXBuildFile; fileRef = 3F2844991E48B4F7001E8ED3 /* DialogueViewController.swift */; };
		3F28449C1E48B515001E8ED3 /* InitViewController.swift in Sources */ = {isa = PBXBuildFile; fileRef = 3F28449B1E48B515001E8ED3 /* InitViewController.swift */; };
		3F28449E1E48B55D001E8ED3 /* NameModalViewController.swift in Sources */ = {isa = PBXBuildFile; fileRef = 3F28449D1E48B55D001E8ED3 /* NameModalViewController.swift */; };
		3F2844A51E48B5BE001E8ED3 /* ClasseJoueur.json in Resources */ = {isa = PBXBuildFile; fileRef = 3F2844A11E48B5BE001E8ED3 /* ClasseJoueur.json */; };
		3F2844A61E48B5BE001E8ED3 /* QuestionsImerirApp.json in Resources */ = {isa = PBXBuildFile; fileRef = 3F2844A21E48B5BE001E8ED3 /* QuestionsImerirApp.json */; };
		3F2844A71E48B5BE001E8ED3 /* DataSave.json in Resources */ = {isa = PBXBuildFile; fileRef = 3F2844A31E48B5BE001E8ED3 /* DataSave.json */; };
		3F2844A81E48B5BE001E8ED3 /* Dialogue.json in Resources */ = {isa = PBXBuildFile; fileRef = 3F2844A41E48B5BE001E8ED3 /* Dialogue.json */; };
		3F2844AA1E48B5E6001E8ED3 /* FinDirecteur.gif in Resources */ = {isa = PBXBuildFile; fileRef = 3F2844A91E48B5E6001E8ED3 /* FinDirecteur.gif */; };
		3F2844AE1E48B8E9001E8ED3 /* SwiftyJSON.swift in Sources */ = {isa = PBXBuildFile; fileRef = 3F2844AD1E48B8E9001E8ED3 /* SwiftyJSON.swift */; };
		3F28F7E41E61F1A800920808 /* Bonus.swift in Sources */ = {isa = PBXBuildFile; fileRef = 3F28F7E31E61F1A700920808 /* Bonus.swift */; };
		3F28F7E61E61F1CF00920808 /* FreezeTime.swift in Sources */ = {isa = PBXBuildFile; fileRef = 3F28F7E51E61F1CF00920808 /* FreezeTime.swift */; };
		3F28F7E81E61F1E200920808 /* FreezeObjects.swift in Sources */ = {isa = PBXBuildFile; fileRef = 3F28F7E71E61F1E200920808 /* FreezeObjects.swift */; };
		3F28F7EA1E61F1ED00920808 /* SlowTime.swift in Sources */ = {isa = PBXBuildFile; fileRef = 3F28F7E91E61F1ED00920808 /* SlowTime.swift */; };
		3F28F7EC1E61F1FB00920808 /* ScoreUp.swift in Sources */ = {isa = PBXBuildFile; fileRef = 3F28F7EB1E61F1FB00920808 /* ScoreUp.swift */; };
		3F28F7EE1E61F20400920808 /* ScoreDown.swift in Sources */ = {isa = PBXBuildFile; fileRef = 3F28F7ED1E61F20400920808 /* ScoreDown.swift */; };
		3F28F7F01E61F21200920808 /* SomeHelp.swift in Sources */ = {isa = PBXBuildFile; fileRef = 3F28F7EF1E61F21200920808 /* SomeHelp.swift */; };
		3F28F7F21E61F26600920808 /* RangementView.swift in Sources */ = {isa = PBXBuildFile; fileRef = 3F28F7F11E61F26600920808 /* RangementView.swift */; };
		3F28F7F41E61F27C00920808 /* Objet.swift in Sources */ = {isa = PBXBuildFile; fileRef = 3F28F7F31E61F27C00920808 /* Objet.swift */; };
		3F4EFD741E50DF4900316A2B /* RangementViewController.swift in Sources */ = {isa = PBXBuildFile; fileRef = 3F4EFD731E50DF4900316A2B /* RangementViewController.swift */; };
		3F6575E81E545BB3000C008A /* ClasseModalViewController.swift in Sources */ = {isa = PBXBuildFile; fileRef = 3F6575E71E545BB3000C008A /* ClasseModalViewController.swift */; };
		3F90A3801E8136E100E342AE /* ChoiseClasse.storyboard in Resources */ = {isa = PBXBuildFile; fileRef = 3F90A37E1E8136E100E342AE /* ChoiseClasse.storyboard */; };
		3F90A3821E81372C00E342AE /* Quiz.storyboard in Resources */ = {isa = PBXBuildFile; fileRef = 3F90A3811E81372C00E342AE /* Quiz.storyboard */; };
		3F90A3851E81376900E342AE /* ArcadeCookie.storyboard in Resources */ = {isa = PBXBuildFile; fileRef = 3F90A3831E81376900E342AE /* ArcadeCookie.storyboard */; };
		3F90A3871E8137B500E342AE /* Dialogue.storyboard in Resources */ = {isa = PBXBuildFile; fileRef = 3F90A3861E8137B500E342AE /* Dialogue.storyboard */; };
		3F90A38B1E81382600E342AE /* ArcadeRangement.storyboard in Resources */ = {isa = PBXBuildFile; fileRef = 3F90A3891E81382600E342AE /* ArcadeRangement.storyboard */; };
		3FB88A681E4F6396007C0BD6 /* HeaderView.swift in Sources */ = {isa = PBXBuildFile; fileRef = 3FB88A671E4F6396007C0BD6 /* HeaderView.swift */; };
		3FB88A6C1E51AA00007C0BD6 /* HeaderView.xib in Resources */ = {isa = PBXBuildFile; fileRef = 3FB88A6B1E51AA00007C0BD6 /* HeaderView.xib */; };
		3FB88A741E52297E007C0BD6 /* ClasseTableViewCell.swift in Sources */ = {isa = PBXBuildFile; fileRef = 3FB88A731E52297E007C0BD6 /* ClasseTableViewCell.swift */; };
		3FBD2D641E48D65400100027 /* ContentViewController.swift in Sources */ = {isa = PBXBuildFile; fileRef = 3FBD2D631E48D65400100027 /* ContentViewController.swift */; };
		3FBD2D661E48D66B00100027 /* ViewController.swift in Sources */ = {isa = PBXBuildFile; fileRef = 3FBD2D651E48D66B00100027 /* ViewController.swift */; };
		3FF9C5BB1E54A4C20036C096 /* ChoiceClasseViewController.swift in Sources */ = {isa = PBXBuildFile; fileRef = 3FF9C5BA1E54A4C20036C096 /* ChoiceClasseViewController.swift */; };
/* End PBXBuildFile section */

/* Begin PBXContainerItemProxy section */
		3F28447A1E488E94001E8ED3 /* PBXContainerItemProxy */ = {
			isa = PBXContainerItemProxy;
			containerPortal = 3F28445D1E488E94001E8ED3 /* Project object */;
			proxyType = 1;
			remoteGlobalIDString = 3F2844641E488E94001E8ED3;
			remoteInfo = ProjetImerirApp;
		};
/* End PBXContainerItemProxy section */

/* Begin PBXFileReference section */
		3F2844651E488E94001E8ED3 /* ProjetImerirApp.app */ = {isa = PBXFileReference; explicitFileType = wrapper.application; includeInIndex = 0; path = ProjetImerirApp.app; sourceTree = BUILT_PRODUCTS_DIR; };
		3F2844681E488E94001E8ED3 /* AppDelegate.swift */ = {isa = PBXFileReference; lastKnownFileType = sourcecode.swift; path = AppDelegate.swift; sourceTree = "<group>"; };
		3F28446A1E488E94001E8ED3 /* QuestionViewController.swift */ = {isa = PBXFileReference; lastKnownFileType = sourcecode.swift; path = QuestionViewController.swift; sourceTree = "<group>"; };
		3F28446D1E488E94001E8ED3 /* Base */ = {isa = PBXFileReference; lastKnownFileType = file.storyboard; name = Base; path = Base.lproj/Main.storyboard; sourceTree = "<group>"; };
		3F28446F1E488E94001E8ED3 /* Assets.xcassets */ = {isa = PBXFileReference; lastKnownFileType = folder.assetcatalog; path = Assets.xcassets; sourceTree = "<group>"; };
		3F2844721E488E94001E8ED3 /* Base */ = {isa = PBXFileReference; lastKnownFileType = file.storyboard; name = Base; path = Base.lproj/LaunchScreen.storyboard; sourceTree = "<group>"; };
		3F2844741E488E94001E8ED3 /* Info.plist */ = {isa = PBXFileReference; lastKnownFileType = text.plist.xml; path = Info.plist; sourceTree = "<group>"; };
		3F2844791E488E94001E8ED3 /* ProjetImerirAppTests.xctest */ = {isa = PBXFileReference; explicitFileType = wrapper.cfbundle; includeInIndex = 0; path = ProjetImerirAppTests.xctest; sourceTree = BUILT_PRODUCTS_DIR; };
		3F28447D1E488E94001E8ED3 /* ProjetImerirAppTests.swift */ = {isa = PBXFileReference; lastKnownFileType = sourcecode.swift; path = ProjetImerirAppTests.swift; sourceTree = "<group>"; };
		3F28447F1E488E94001E8ED3 /* Info.plist */ = {isa = PBXFileReference; lastKnownFileType = text.plist.xml; path = Info.plist; sourceTree = "<group>"; };
		3F28448B1E488EE5001E8ED3 /* DesignableView.swift */ = {isa = PBXFileReference; fileEncoding = 4; lastKnownFileType = sourcecode.swift; path = DesignableView.swift; sourceTree = "<group>"; };
		3F28448D1E488F23001E8ED3 /* DesignableButton.swift */ = {isa = PBXFileReference; fileEncoding = 4; lastKnownFileType = sourcecode.swift; path = DesignableButton.swift; sourceTree = "<group>"; };
		3F28448F1E488F30001E8ED3 /* DesignableLabel.swift */ = {isa = PBXFileReference; fileEncoding = 4; lastKnownFileType = sourcecode.swift; path = DesignableLabel.swift; sourceTree = "<group>"; };
		3F2844911E488F94001E8ED3 /* BuildElementApp.swift */ = {isa = PBXFileReference; fileEncoding = 4; lastKnownFileType = sourcecode.swift; path = BuildElementApp.swift; sourceTree = "<group>"; };
		3F2844931E488FA3001E8ED3 /* ProfilJoueur.swift */ = {isa = PBXFileReference; fileEncoding = 4; lastKnownFileType = sourcecode.swift; path = ProfilJoueur.swift; sourceTree = "<group>"; };
		3F2844951E488FB9001E8ED3 /* OutletExtension.swift */ = {isa = PBXFileReference; fileEncoding = 4; lastKnownFileType = sourcecode.swift; path = OutletExtension.swift; sourceTree = "<group>"; };
		3F2844991E48B4F7001E8ED3 /* DialogueViewController.swift */ = {isa = PBXFileReference; fileEncoding = 4; lastKnownFileType = sourcecode.swift; path = DialogueViewController.swift; sourceTree = "<group>"; };
		3F28449B1E48B515001E8ED3 /* InitViewController.swift */ = {isa = PBXFileReference; fileEncoding = 4; lastKnownFileType = sourcecode.swift; path = InitViewController.swift; sourceTree = "<group>"; };
		3F28449D1E48B55D001E8ED3 /* NameModalViewController.swift */ = {isa = PBXFileReference; fileEncoding = 4; lastKnownFileType = sourcecode.swift; path = NameModalViewController.swift; sourceTree = "<group>"; };
		3F2844A11E48B5BE001E8ED3 /* ClasseJoueur.json */ = {isa = PBXFileReference; fileEncoding = 4; lastKnownFileType = text.json; path = ClasseJoueur.json; sourceTree = "<group>"; };
		3F2844A21E48B5BE001E8ED3 /* QuestionsImerirApp.json */ = {isa = PBXFileReference; fileEncoding = 4; lastKnownFileType = text.json; path = QuestionsImerirApp.json; sourceTree = "<group>"; };
		3F2844A31E48B5BE001E8ED3 /* DataSave.json */ = {isa = PBXFileReference; fileEncoding = 4; lastKnownFileType = text.json; path = DataSave.json; sourceTree = "<group>"; };
		3F2844A41E48B5BE001E8ED3 /* Dialogue.json */ = {isa = PBXFileReference; fileEncoding = 4; lastKnownFileType = text.json; path = Dialogue.json; sourceTree = "<group>"; };
		3F2844A91E48B5E6001E8ED3 /* FinDirecteur.gif */ = {isa = PBXFileReference; lastKnownFileType = image.gif; path = FinDirecteur.gif; sourceTree = "<group>"; };
		3F2844AD1E48B8E9001E8ED3 /* SwiftyJSON.swift */ = {isa = PBXFileReference; fileEncoding = 4; lastKnownFileType = sourcecode.swift; path = SwiftyJSON.swift; sourceTree = "<group>"; };
		3F28F7E31E61F1A700920808 /* Bonus.swift */ = {isa = PBXFileReference; fileEncoding = 4; lastKnownFileType = sourcecode.swift; path = Bonus.swift; sourceTree = "<group>"; };
		3F28F7E51E61F1CF00920808 /* FreezeTime.swift */ = {isa = PBXFileReference; fileEncoding = 4; lastKnownFileType = sourcecode.swift; path = FreezeTime.swift; sourceTree = "<group>"; };
		3F28F7E71E61F1E200920808 /* FreezeObjects.swift */ = {isa = PBXFileReference; fileEncoding = 4; lastKnownFileType = sourcecode.swift; path = FreezeObjects.swift; sourceTree = "<group>"; };
		3F28F7E91E61F1ED00920808 /* SlowTime.swift */ = {isa = PBXFileReference; fileEncoding = 4; lastKnownFileType = sourcecode.swift; path = SlowTime.swift; sourceTree = "<group>"; };
		3F28F7EB1E61F1FB00920808 /* ScoreUp.swift */ = {isa = PBXFileReference; fileEncoding = 4; lastKnownFileType = sourcecode.swift; path = ScoreUp.swift; sourceTree = "<group>"; };
		3F28F7ED1E61F20400920808 /* ScoreDown.swift */ = {isa = PBXFileReference; fileEncoding = 4; lastKnownFileType = sourcecode.swift; path = ScoreDown.swift; sourceTree = "<group>"; };
		3F28F7EF1E61F21200920808 /* SomeHelp.swift */ = {isa = PBXFileReference; fileEncoding = 4; lastKnownFileType = sourcecode.swift; path = SomeHelp.swift; sourceTree = "<group>"; };
		3F28F7F11E61F26600920808 /* RangementView.swift */ = {isa = PBXFileReference; fileEncoding = 4; lastKnownFileType = sourcecode.swift; path = RangementView.swift; sourceTree = "<group>"; };
		3F28F7F31E61F27C00920808 /* Objet.swift */ = {isa = PBXFileReference; fileEncoding = 4; lastKnownFileType = sourcecode.swift; path = Objet.swift; sourceTree = "<group>"; };
		3F4EFD731E50DF4900316A2B /* RangementViewController.swift */ = {isa = PBXFileReference; fileEncoding = 4; lastKnownFileType = sourcecode.swift; path = RangementViewController.swift; sourceTree = "<group>"; };
		3F6575E71E545BB3000C008A /* ClasseModalViewController.swift */ = {isa = PBXFileReference; fileEncoding = 4; lastKnownFileType = sourcecode.swift; path = ClasseModalViewController.swift; sourceTree = "<group>"; };
		3F90A37F1E8136E100E342AE /* Base */ = {isa = PBXFileReference; lastKnownFileType = file.storyboard; name = Base; path = Base.lproj/ChoiseClasse.storyboard; sourceTree = "<group>"; };
		3F90A3811E81372C00E342AE /* Quiz.storyboard */ = {isa = PBXFileReference; fileEncoding = 4; lastKnownFileType = file.storyboard; name = Quiz.storyboard; path = ProjetImerirApp/Quiz.storyboard; sourceTree = "<group>"; };
		3F90A3841E81376900E342AE /* Base */ = {isa = PBXFileReference; lastKnownFileType = file.storyboard; name = Base; path = Base.lproj/ArcadeCookie.storyboard; sourceTree = "<group>"; };
		3F90A3861E8137B500E342AE /* Dialogue.storyboard */ = {isa = PBXFileReference; fileEncoding = 4; lastKnownFileType = file.storyboard; name = Dialogue.storyboard; path = ProjetImerirApp/Dialogue.storyboard; sourceTree = "<group>"; };
		3F90A38A1E81382600E342AE /* Base */ = {isa = PBXFileReference; lastKnownFileType = file.storyboard; name = Base; path = ProjetImerirApp/Base.lproj/ArcadeRangement.storyboard; sourceTree = "<group>"; };
		3FB88A671E4F6396007C0BD6 /* HeaderView.swift */ = {isa = PBXFileReference; fileEncoding = 4; lastKnownFileType = sourcecode.swift; path = HeaderView.swift; sourceTree = "<group>"; };
		3FB88A6B1E51AA00007C0BD6 /* HeaderView.xib */ = {isa = PBXFileReference; fileEncoding = 4; lastKnownFileType = file.xib; path = HeaderView.xib; sourceTree = "<group>"; };
		3FB88A731E52297E007C0BD6 /* ClasseTableViewCell.swift */ = {isa = PBXFileReference; fileEncoding = 4; lastKnownFileType = sourcecode.swift; path = ClasseTableViewCell.swift; sourceTree = "<group>"; };
		3FBD2D631E48D65400100027 /* ContentViewController.swift */ = {isa = PBXFileReference; fileEncoding = 4; lastKnownFileType = sourcecode.swift; path = ContentViewController.swift; sourceTree = "<group>"; };
		3FBD2D651E48D66B00100027 /* ViewController.swift */ = {isa = PBXFileReference; fileEncoding = 4; lastKnownFileType = sourcecode.swift; path = ViewController.swift; sourceTree = "<group>"; };
		3FF9C5BA1E54A4C20036C096 /* ChoiceClasseViewController.swift */ = {isa = PBXFileReference; fileEncoding = 4; lastKnownFileType = sourcecode.swift; path = ChoiceClasseViewController.swift; sourceTree = "<group>"; };
/* End PBXFileReference section */

/* Begin PBXFrameworksBuildPhase section */
		3F2844621E488E94001E8ED3 /* Frameworks */ = {
			isa = PBXFrameworksBuildPhase;
			buildActionMask = 2147483647;
			files = (
			);
			runOnlyForDeploymentPostprocessing = 0;
		};
		3F2844761E488E94001E8ED3 /* Frameworks */ = {
			isa = PBXFrameworksBuildPhase;
			buildActionMask = 2147483647;
			files = (
			);
			runOnlyForDeploymentPostprocessing = 0;
		};
/* End PBXFrameworksBuildPhase section */

/* Begin PBXGroup section */
		3F28445C1E488E94001E8ED3 = {
			isa = PBXGroup;
			children = (
				3F90A3881E8137C600E342AE /* Storyboard */,
				3F2844671E488E94001E8ED3 /* ProjetImerirApp */,
				3F28447C1E488E94001E8ED3 /* ProjetImerirAppTests */,
				3F2844661E488E94001E8ED3 /* Products */,
			);
			sourceTree = "<group>";
		};
		3F2844661E488E94001E8ED3 /* Products */ = {
			isa = PBXGroup;
			children = (
				3F2844651E488E94001E8ED3 /* ProjetImerirApp.app */,
				3F2844791E488E94001E8ED3 /* ProjetImerirAppTests.xctest */,
			);
			name = Products;
			sourceTree = "<group>";
		};
		3F2844671E488E94001E8ED3 /* ProjetImerirApp */ = {
			isa = PBXGroup;
			children = (
				3F28F7E21E61F0A100920808 /* ArcadeRangement */,
				3FB88A751E52298A007C0BD6 /* Classe */,
				3F28448A1E488EB6001E8ED3 /* IBDesignable */,
				3F2844891E488EA5001E8ED3 /* Json */,
				3F2844881E488E9B001E8ED3 /* Picture/gif */,
				3F2844681E488E94001E8ED3 /* AppDelegate.swift */,
				3F28446F1E488E94001E8ED3 /* Assets.xcassets */,
				3F2844741E488E94001E8ED3 /* Info.plist */,
				3F2844911E488F94001E8ED3 /* BuildElementApp.swift */,
				3F2844931E488FA3001E8ED3 /* ProfilJoueur.swift */,
				3F2844951E488FB9001E8ED3 /* OutletExtension.swift */,
				3F28449B1E48B515001E8ED3 /* InitViewController.swift */,
				3F28449D1E48B55D001E8ED3 /* NameModalViewController.swift */,
				3F2844991E48B4F7001E8ED3 /* DialogueViewController.swift */,
				3F6575E71E545BB3000C008A /* ClasseModalViewController.swift */,
				3FB88A731E52297E007C0BD6 /* ClasseTableViewCell.swift */,
				3F28446A1E488E94001E8ED3 /* QuestionViewController.swift */,
				3F2844AD1E48B8E9001E8ED3 /* SwiftyJSON.swift */,
				3FBD2D631E48D65400100027 /* ContentViewController.swift */,
				3FBD2D651E48D66B00100027 /* ViewController.swift */,
				3FB88A671E4F6396007C0BD6 /* HeaderView.swift */,
				3FB88A6B1E51AA00007C0BD6 /* HeaderView.xib */,
				3FF9C5BA1E54A4C20036C096 /* ChoiceClasseViewController.swift */,
			);
			path = ProjetImerirApp;
			sourceTree = "<group>";
		};
		3F28447C1E488E94001E8ED3 /* ProjetImerirAppTests */ = {
			isa = PBXGroup;
			children = (
				3F28447D1E488E94001E8ED3 /* ProjetImerirAppTests.swift */,
				3F28447F1E488E94001E8ED3 /* Info.plist */,
			);
			path = ProjetImerirAppTests;
			sourceTree = "<group>";
		};
		3F2844881E488E9B001E8ED3 /* Picture/gif */ = {
			isa = PBXGroup;
			children = (
				3F2844A91E48B5E6001E8ED3 /* FinDirecteur.gif */,
			);
			name = Picture/gif;
			sourceTree = "<group>";
		};
		3F2844891E488EA5001E8ED3 /* Json */ = {
			isa = PBXGroup;
			children = (
				3F2844A11E48B5BE001E8ED3 /* ClasseJoueur.json */,
				3F2844A21E48B5BE001E8ED3 /* QuestionsImerirApp.json */,
				3F2844A31E48B5BE001E8ED3 /* DataSave.json */,
				3F2844A41E48B5BE001E8ED3 /* Dialogue.json */,
			);
			name = Json;
			sourceTree = "<group>";
		};
		3F28448A1E488EB6001E8ED3 /* IBDesignable */ = {
			isa = PBXGroup;
			children = (
				3F28448B1E488EE5001E8ED3 /* DesignableView.swift */,
				3F28448D1E488F23001E8ED3 /* DesignableButton.swift */,
				3F28448F1E488F30001E8ED3 /* DesignableLabel.swift */,
			);
			name = IBDesignable;
			sourceTree = "<group>";
		};
		3F28F7E21E61F0A100920808 /* ArcadeRangement */ = {
			isa = PBXGroup;
			children = (
				3F28F7F51E61F29800920808 /* Bonus */,
				3F4EFD731E50DF4900316A2B /* RangementViewController.swift */,
				3F28F7F11E61F26600920808 /* RangementView.swift */,
				3F28F7F31E61F27C00920808 /* Objet.swift */,
			);
			name = ArcadeRangement;
			sourceTree = "<group>";
		};
		3F28F7F51E61F29800920808 /* Bonus */ = {
			isa = PBXGroup;
			children = (
				3F28F7E31E61F1A700920808 /* Bonus.swift */,
				3F28F7E51E61F1CF00920808 /* FreezeTime.swift */,
				3F28F7E71E61F1E200920808 /* FreezeObjects.swift */,
				3F28F7E91E61F1ED00920808 /* SlowTime.swift */,
				3F28F7EB1E61F1FB00920808 /* ScoreUp.swift */,
				3F28F7ED1E61F20400920808 /* ScoreDown.swift */,
				3F28F7EF1E61F21200920808 /* SomeHelp.swift */,
			);
			name = Bonus;
			sourceTree = "<group>";
		};
		3F90A3881E8137C600E342AE /* Storyboard */ = {
			isa = PBXGroup;
			children = (
				3F28446C1E488E94001E8ED3 /* Main.storyboard */,
				3F90A3891E81382600E342AE /* ArcadeRangement.storyboard */,
				3F90A3861E8137B500E342AE /* Dialogue.storyboard */,
				3F90A3831E81376900E342AE /* ArcadeCookie.storyboard */,
				3F90A3811E81372C00E342AE /* Quiz.storyboard */,
				3F90A37E1E8136E100E342AE /* ChoiseClasse.storyboard */,
				3F2844711E488E94001E8ED3 /* LaunchScreen.storyboard */,
			);
			name = Storyboard;
			sourceTree = "<group>";
		};
		3FB88A751E52298A007C0BD6 /* Classe */ = {
			isa = PBXGroup;
			children = (
			);
			name = Classe;
			sourceTree = "<group>";
		};
/* End PBXGroup section */

/* Begin PBXNativeTarget section */
		3F2844641E488E94001E8ED3 /* ProjetImerirApp */ = {
			isa = PBXNativeTarget;
			buildConfigurationList = 3F2844821E488E94001E8ED3 /* Build configuration list for PBXNativeTarget "ProjetImerirApp" */;
			buildPhases = (
				3F2844611E488E94001E8ED3 /* Sources */,
				3F2844621E488E94001E8ED3 /* Frameworks */,
				3F2844631E488E94001E8ED3 /* Resources */,
			);
			buildRules = (
			);
			dependencies = (
			);
			name = ProjetImerirApp;
			productName = ProjetImerirApp;
			productReference = 3F2844651E488E94001E8ED3 /* ProjetImerirApp.app */;
			productType = "com.apple.product-type.application";
		};
		3F2844781E488E94001E8ED3 /* ProjetImerirAppTests */ = {
			isa = PBXNativeTarget;
			buildConfigurationList = 3F2844851E488E94001E8ED3 /* Build configuration list for PBXNativeTarget "ProjetImerirAppTests" */;
			buildPhases = (
				3F2844751E488E94001E8ED3 /* Sources */,
				3F2844761E488E94001E8ED3 /* Frameworks */,
				3F2844771E488E94001E8ED3 /* Resources */,
			);
			buildRules = (
			);
			dependencies = (
				3F28447B1E488E94001E8ED3 /* PBXTargetDependency */,
			);
			name = ProjetImerirAppTests;
			productName = ProjetImerirAppTests;
			productReference = 3F2844791E488E94001E8ED3 /* ProjetImerirAppTests.xctest */;
			productType = "com.apple.product-type.bundle.unit-test";
		};
/* End PBXNativeTarget section */

/* Begin PBXProject section */
		3F28445D1E488E94001E8ED3 /* Project object */ = {
			isa = PBXProject;
			attributes = {
				LastSwiftUpdateCheck = 0820;
				LastUpgradeCheck = 0820;
				ORGANIZATIONNAME = Student;
				TargetAttributes = {
					3F2844641E488E94001E8ED3 = {
						CreatedOnToolsVersion = 8.2.1;
						DevelopmentTeam = 56URF3SB4V;
						ProvisioningStyle = Automatic;
					};
					3F2844781E488E94001E8ED3 = {
						CreatedOnToolsVersion = 8.2.1;
						DevelopmentTeam = 56URF3SB4V;
						ProvisioningStyle = Automatic;
						TestTargetID = 3F2844641E488E94001E8ED3;
					};
				};
			};
			buildConfigurationList = 3F2844601E488E94001E8ED3 /* Build configuration list for PBXProject "ProjetImerirApp" */;
			compatibilityVersion = "Xcode 3.2";
			developmentRegion = English;
			hasScannedForEncodings = 0;
			knownRegions = (
				en,
				Base,
			);
			mainGroup = 3F28445C1E488E94001E8ED3;
			productRefGroup = 3F2844661E488E94001E8ED3 /* Products */;
			projectDirPath = "";
			projectRoot = "";
			targets = (
				3F2844641E488E94001E8ED3 /* ProjetImerirApp */,
				3F2844781E488E94001E8ED3 /* ProjetImerirAppTests */,
			);
		};
/* End PBXProject section */

/* Begin PBXResourcesBuildPhase section */
		3F2844631E488E94001E8ED3 /* Resources */ = {
			isa = PBXResourcesBuildPhase;
			buildActionMask = 2147483647;
			files = (
				3F90A3851E81376900E342AE /* ArcadeCookie.storyboard in Resources */,
				3F2844AA1E48B5E6001E8ED3 /* FinDirecteur.gif in Resources */,
				3F2844731E488E94001E8ED3 /* LaunchScreen.storyboard in Resources */,
				3F2844A61E48B5BE001E8ED3 /* QuestionsImerirApp.json in Resources */,
				3F2844A71E48B5BE001E8ED3 /* DataSave.json in Resources */,
				3F90A3801E8136E100E342AE /* ChoiseClasse.storyboard in Resources */,
				3F2844701E488E94001E8ED3 /* Assets.xcassets in Resources */,
				3F90A3821E81372C00E342AE /* Quiz.storyboard in Resources */,
				3F2844A51E48B5BE001E8ED3 /* ClasseJoueur.json in Resources */,
				3FB88A6C1E51AA00007C0BD6 /* HeaderView.xib in Resources */,
				3F90A3871E8137B500E342AE /* Dialogue.storyboard in Resources */,
				3F28446E1E488E94001E8ED3 /* Main.storyboard in Resources */,
				3F90A38B1E81382600E342AE /* ArcadeRangement.storyboard in Resources */,
				3F2844A81E48B5BE001E8ED3 /* Dialogue.json in Resources */,
			);
			runOnlyForDeploymentPostprocessing = 0;
		};
		3F2844771E488E94001E8ED3 /* Resources */ = {
			isa = PBXResourcesBuildPhase;
			buildActionMask = 2147483647;
			files = (
			);
			runOnlyForDeploymentPostprocessing = 0;
		};
/* End PBXResourcesBuildPhase section */

/* Begin PBXSourcesBuildPhase section */
		3F2844611E488E94001E8ED3 /* Sources */ = {
			isa = PBXSourcesBuildPhase;
			buildActionMask = 2147483647;
			files = (
				3F4EFD741E50DF4900316A2B /* RangementViewController.swift in Sources */,
				3F2844901E488F30001E8ED3 /* DesignableLabel.swift in Sources */,
				3F28F7E61E61F1CF00920808 /* FreezeTime.swift in Sources */,
				3F2844921E488F94001E8ED3 /* BuildElementApp.swift in Sources */,
				3F28449C1E48B515001E8ED3 /* InitViewController.swift in Sources */,
				3F28F7EC1E61F1FB00920808 /* ScoreUp.swift in Sources */,
				3FBD2D641E48D65400100027 /* ContentViewController.swift in Sources */,
				3F28F7EE1E61F20400920808 /* ScoreDown.swift in Sources */,
				3F28F7F21E61F26600920808 /* RangementView.swift in Sources */,
				3F28F7E41E61F1A800920808 /* Bonus.swift in Sources */,
				3FBD2D661E48D66B00100027 /* ViewController.swift in Sources */,
				3F2844AE1E48B8E9001E8ED3 /* SwiftyJSON.swift in Sources */,
				3F2844961E488FB9001E8ED3 /* OutletExtension.swift in Sources */,
				3FF9C5BB1E54A4C20036C096 /* ChoiceClasseViewController.swift in Sources */,
				3F28446B1E488E94001E8ED3 /* QuestionViewController.swift in Sources */,
				3F2844691E488E94001E8ED3 /* AppDelegate.swift in Sources */,
				3FB88A741E52297E007C0BD6 /* ClasseTableViewCell.swift in Sources */,
				3F2844941E488FA3001E8ED3 /* ProfilJoueur.swift in Sources */,
				3F28449E1E48B55D001E8ED3 /* NameModalViewController.swift in Sources */,
				3F28448C1E488EE5001E8ED3 /* DesignableView.swift in Sources */,
				3F28449A1E48B4F7001E8ED3 /* DialogueViewController.swift in Sources */,
				3F28F7F41E61F27C00920808 /* Objet.swift in Sources */,
				3F28F7EA1E61F1ED00920808 /* SlowTime.swift in Sources */,
				3F28F7E81E61F1E200920808 /* FreezeObjects.swift in Sources */,
				3FB88A681E4F6396007C0BD6 /* HeaderView.swift in Sources */,
				3F28F7F01E61F21200920808 /* SomeHelp.swift in Sources */,
				3F28448E1E488F23001E8ED3 /* DesignableButton.swift in Sources */,
				3F6575E81E545BB3000C008A /* ClasseModalViewController.swift in Sources */,
			);
			runOnlyForDeploymentPostprocessing = 0;
		};
		3F2844751E488E94001E8ED3 /* Sources */ = {
			isa = PBXSourcesBuildPhase;
			buildActionMask = 2147483647;
			files = (
				3F28447E1E488E94001E8ED3 /* ProjetImerirAppTests.swift in Sources */,
			);
			runOnlyForDeploymentPostprocessing = 0;
		};
/* End PBXSourcesBuildPhase section */

/* Begin PBXTargetDependency section */
		3F28447B1E488E94001E8ED3 /* PBXTargetDependency */ = {
			isa = PBXTargetDependency;
			target = 3F2844641E488E94001E8ED3 /* ProjetImerirApp */;
			targetProxy = 3F28447A1E488E94001E8ED3 /* PBXContainerItemProxy */;
		};
/* End PBXTargetDependency section */

/* Begin PBXVariantGroup section */
		3F28446C1E488E94001E8ED3 /* Main.storyboard */ = {
			isa = PBXVariantGroup;
			children = (
				3F28446D1E488E94001E8ED3 /* Base */,
			);
			name = Main.storyboard;
			path = ProjetImerirApp;
			sourceTree = "<group>";
		};
		3F2844711E488E94001E8ED3 /* LaunchScreen.storyboard */ = {
			isa = PBXVariantGroup;
			children = (
				3F2844721E488E94001E8ED3 /* Base */,
			);
			name = LaunchScreen.storyboard;
			path = ProjetImerirApp;
			sourceTree = "<group>";
		};
		3F90A37E1E8136E100E342AE /* ChoiseClasse.storyboard */ = {
			isa = PBXVariantGroup;
			children = (
				3F90A37F1E8136E100E342AE /* Base */,
			);
			name = ChoiseClasse.storyboard;
			path = ProjetImerirApp;
			sourceTree = "<group>";
		};
		3F90A3831E81376900E342AE /* ArcadeCookie.storyboard */ = {
			isa = PBXVariantGroup;
			children = (
				3F90A3841E81376900E342AE /* Base */,
			);
			name = ArcadeCookie.storyboard;
			path = ProjetImerirApp;
			sourceTree = "<group>";
		};
		3F90A3891E81382600E342AE /* ArcadeRangement.storyboard */ = {
			isa = PBXVariantGroup;
			children = (
				3F90A38A1E81382600E342AE /* Base */,
			);
			name = ArcadeRangement.storyboard;
			sourceTree = "<group>";
		};
/* End PBXVariantGroup section */

/* Begin XCBuildConfiguration section */
		3F2844801E488E94001E8ED3 /* Debug */ = {
			isa = XCBuildConfiguration;
			buildSettings = {
				ALWAYS_SEARCH_USER_PATHS = NO;
				CLANG_ANALYZER_NONNULL = YES;
				CLANG_CXX_LANGUAGE_STANDARD = "gnu++0x";
				CLANG_CXX_LIBRARY = "libc++";
				CLANG_ENABLE_MODULES = YES;
				CLANG_ENABLE_OBJC_ARC = YES;
				CLANG_WARN_BOOL_CONVERSION = YES;
				CLANG_WARN_CONSTANT_CONVERSION = YES;
				CLANG_WARN_DIRECT_OBJC_ISA_USAGE = YES_ERROR;
				CLANG_WARN_DOCUMENTATION_COMMENTS = YES;
				CLANG_WARN_EMPTY_BODY = YES;
				CLANG_WARN_ENUM_CONVERSION = YES;
				CLANG_WARN_INFINITE_RECURSION = YES;
				CLANG_WARN_INT_CONVERSION = YES;
				CLANG_WARN_OBJC_ROOT_CLASS = YES_ERROR;
				CLANG_WARN_SUSPICIOUS_MOVE = YES;
				CLANG_WARN_UNREACHABLE_CODE = YES;
				CLANG_WARN__DUPLICATE_METHOD_MATCH = YES;
				"CODE_SIGN_IDENTITY[sdk=iphoneos*]" = "iPhone Developer";
				COPY_PHASE_STRIP = NO;
				DEBUG_INFORMATION_FORMAT = dwarf;
				ENABLE_STRICT_OBJC_MSGSEND = YES;
				ENABLE_TESTABILITY = YES;
				GCC_C_LANGUAGE_STANDARD = gnu99;
				GCC_DYNAMIC_NO_PIC = NO;
				GCC_NO_COMMON_BLOCKS = YES;
				GCC_OPTIMIZATION_LEVEL = 0;
				GCC_PREPROCESSOR_DEFINITIONS = (
					"DEBUG=1",
					"$(inherited)",
				);
				GCC_WARN_64_TO_32_BIT_CONVERSION = YES;
				GCC_WARN_ABOUT_RETURN_TYPE = YES_ERROR;
				GCC_WARN_UNDECLARED_SELECTOR = YES;
				GCC_WARN_UNINITIALIZED_AUTOS = YES_AGGRESSIVE;
				GCC_WARN_UNUSED_FUNCTION = YES;
				GCC_WARN_UNUSED_VARIABLE = YES;
				IPHONEOS_DEPLOYMENT_TARGET = 10.2;
				MTL_ENABLE_DEBUG_INFO = YES;
				ONLY_ACTIVE_ARCH = YES;
				SDKROOT = iphoneos;
				SWIFT_ACTIVE_COMPILATION_CONDITIONS = DEBUG;
				SWIFT_OPTIMIZATION_LEVEL = "-Onone";
				TARGETED_DEVICE_FAMILY = "1,2";
			};
			name = Debug;
		};
		3F2844811E488E94001E8ED3 /* Release */ = {
			isa = XCBuildConfiguration;
			buildSettings = {
				ALWAYS_SEARCH_USER_PATHS = NO;
				CLANG_ANALYZER_NONNULL = YES;
				CLANG_CXX_LANGUAGE_STANDARD = "gnu++0x";
				CLANG_CXX_LIBRARY = "libc++";
				CLANG_ENABLE_MODULES = YES;
				CLANG_ENABLE_OBJC_ARC = YES;
				CLANG_WARN_BOOL_CONVERSION = YES;
				CLANG_WARN_CONSTANT_CONVERSION = YES;
				CLANG_WARN_DIRECT_OBJC_ISA_USAGE = YES_ERROR;
				CLANG_WARN_DOCUMENTATION_COMMENTS = YES;
				CLANG_WARN_EMPTY_BODY = YES;
				CLANG_WARN_ENUM_CONVERSION = YES;
				CLANG_WARN_INFINITE_RECURSION = YES;
				CLANG_WARN_INT_CONVERSION = YES;
				CLANG_WARN_OBJC_ROOT_CLASS = YES_ERROR;
				CLANG_WARN_SUSPICIOUS_MOVE = YES;
				CLANG_WARN_UNREACHABLE_CODE = YES;
				CLANG_WARN__DUPLICATE_METHOD_MATCH = YES;
				"CODE_SIGN_IDENTITY[sdk=iphoneos*]" = "iPhone Developer";
				COPY_PHASE_STRIP = NO;
				DEBUG_INFORMATION_FORMAT = "dwarf-with-dsym";
				ENABLE_NS_ASSERTIONS = NO;
				ENABLE_STRICT_OBJC_MSGSEND = YES;
				GCC_C_LANGUAGE_STANDARD = gnu99;
				GCC_NO_COMMON_BLOCKS = YES;
				GCC_WARN_64_TO_32_BIT_CONVERSION = YES;
				GCC_WARN_ABOUT_RETURN_TYPE = YES_ERROR;
				GCC_WARN_UNDECLARED_SELECTOR = YES;
				GCC_WARN_UNINITIALIZED_AUTOS = YES_AGGRESSIVE;
				GCC_WARN_UNUSED_FUNCTION = YES;
				GCC_WARN_UNUSED_VARIABLE = YES;
				IPHONEOS_DEPLOYMENT_TARGET = 10.2;
				MTL_ENABLE_DEBUG_INFO = NO;
				SDKROOT = iphoneos;
				SWIFT_OPTIMIZATION_LEVEL = "-Owholemodule";
				TARGETED_DEVICE_FAMILY = "1,2";
				VALIDATE_PRODUCT = YES;
			};
			name = Release;
		};
		3F2844831E488E94001E8ED3 /* Debug */ = {
			isa = XCBuildConfiguration;
			buildSettings = {
				ASSETCATALOG_COMPILER_APPICON_NAME = AppIcon;
				"CODE_SIGN_IDENTITY[sdk=iphoneos*]" = "iPhone Developer";
				DEVELOPMENT_TEAM = 56URF3SB4V;
				INFOPLIST_FILE = ProjetImerirApp/Info.plist;
				LD_RUNPATH_SEARCH_PATHS = "$(inherited) @executable_path/Frameworks";
				PRODUCT_BUNDLE_IDENTIFIER = student.ProjetImerirApp;
				PRODUCT_NAME = "$(TARGET_NAME)";
				SWIFT_VERSION = 3.0;
			};
			name = Debug;
		};
		3F2844841E488E94001E8ED3 /* Release */ = {
			isa = XCBuildConfiguration;
			buildSettings = {
				ASSETCATALOG_COMPILER_APPICON_NAME = AppIcon;
				"CODE_SIGN_IDENTITY[sdk=iphoneos*]" = "iPhone Developer";
				DEVELOPMENT_TEAM = 56URF3SB4V;
				INFOPLIST_FILE = ProjetImerirApp/Info.plist;
				LD_RUNPATH_SEARCH_PATHS = "$(inherited) @executable_path/Frameworks";
				PRODUCT_BUNDLE_IDENTIFIER = student.ProjetImerirApp;
				PRODUCT_NAME = "$(TARGET_NAME)";
				SWIFT_VERSION = 3.0;
			};
			name = Release;
		};
		3F2844861E488E94001E8ED3 /* Debug */ = {
			isa = XCBuildConfiguration;
			buildSettings = {
				ALWAYS_EMBED_SWIFT_STANDARD_LIBRARIES = YES;
				BUNDLE_LOADER = "$(TEST_HOST)";
				DEVELOPMENT_TEAM = 56URF3SB4V;
				INFOPLIST_FILE = ProjetImerirAppTests/Info.plist;
				LD_RUNPATH_SEARCH_PATHS = "$(inherited) @executable_path/Frameworks @loader_path/Frameworks";
				PRODUCT_BUNDLE_IDENTIFIER = laumonier.ProjetImerirAppTests;
				PRODUCT_NAME = "$(TARGET_NAME)";
				SWIFT_VERSION = 3.0;
				TEST_HOST = "$(BUILT_PRODUCTS_DIR)/ProjetImerirApp.app/ProjetImerirApp";
			};
			name = Debug;
		};
		3F2844871E488E94001E8ED3 /* Release */ = {
			isa = XCBuildConfiguration;
			buildSettings = {
				ALWAYS_EMBED_SWIFT_STANDARD_LIBRARIES = YES;
				BUNDLE_LOADER = "$(TEST_HOST)";
				DEVELOPMENT_TEAM = 56URF3SB4V;
				INFOPLIST_FILE = ProjetImerirAppTests/Info.plist;
				LD_RUNPATH_SEARCH_PATHS = "$(inherited) @executable_path/Frameworks @loader_path/Frameworks";
				PRODUCT_BUNDLE_IDENTIFIER = laumonier.ProjetImerirAppTests;
				PRODUCT_NAME = "$(TARGET_NAME)";
				SWIFT_VERSION = 3.0;
				TEST_HOST = "$(BUILT_PRODUCTS_DIR)/ProjetImerirApp.app/ProjetImerirApp";
			};
			name = Release;
		};
/* End XCBuildConfiguration section */

/* Begin XCConfigurationList section */
		3F2844601E488E94001E8ED3 /* Build configuration list for PBXProject "ProjetImerirApp" */ = {
			isa = XCConfigurationList;
			buildConfigurations = (
				3F2844801E488E94001E8ED3 /* Debug */,
				3F2844811E488E94001E8ED3 /* Release */,
			);
			defaultConfigurationIsVisible = 0;
			defaultConfigurationName = Release;
		};
		3F2844821E488E94001E8ED3 /* Build configuration list for PBXNativeTarget "ProjetImerirApp" */ = {
			isa = XCConfigurationList;
			buildConfigurations = (
				3F2844831E488E94001E8ED3 /* Debug */,
				3F2844841E488E94001E8ED3 /* Release */,
			);
			defaultConfigurationIsVisible = 0;
			defaultConfigurationName = Release;
		};
		3F2844851E488E94001E8ED3 /* Build configuration list for PBXNativeTarget "ProjetImerirAppTests" */ = {
			isa = XCConfigurationList;
			buildConfigurations = (
				3F2844861E488E94001E8ED3 /* Debug */,
				3F2844871E488E94001E8ED3 /* Release */,
			);
			defaultConfigurationIsVisible = 0;
			defaultConfigurationName = Release;
		};
/* End XCConfigurationList section */
	};
	rootObject = 3F28445D1E488E94001E8ED3 /* Project object */;
}
