// !$*UTF8*$!
{
	archiveVersion = 1;
	classes = {
	};
	objectVersion = 46;
	objects = {

/* Begin PBXBuildFile section */
		3F05B9241EDD6AC6002649AE /* EmbedViewController.swift in Sources */ = {isa = PBXBuildFile; fileRef = 3F05B9231EDD6AC6002649AE /* EmbedViewController.swift */; };
		3F07DE781EDDBFCD0050130F /* GameKit.framework in Frameworks */ = {isa = PBXBuildFile; fileRef = 3F07DE771EDDBFCD0050130F /* GameKit.framework */; };
		3F25E4C91ECC7FE9009AAEEC /* ArcadeBac.storyboard in Resources */ = {isa = PBXBuildFile; fileRef = 3F25E4C81ECC7FE9009AAEEC /* ArcadeBac.storyboard */; };
		3F25E4CC1ECC813A009AAEEC /* BacViewController.swift in Sources */ = {isa = PBXBuildFile; fileRef = 3F25E4CB1ECC813A009AAEEC /* BacViewController.swift */; };
		3F25E4D01ECC90D5009AAEEC /* Fiche.swift in Sources */ = {isa = PBXBuildFile; fileRef = 3F25E4CF1ECC90D5009AAEEC /* Fiche.swift */; };
		3F28447E1E488E94001E8ED3 /* ProjetImerirAppTests.swift in Sources */ = {isa = PBXBuildFile; fileRef = 3F28447D1E488E94001E8ED3 /* ProjetImerirAppTests.swift */; };
		3F6272F41EE2DD390098BDD5 /* MenuViewController.swift in Sources */ = {isa = PBXBuildFile; fileRef = 3F6272F31EE2DD390098BDD5 /* MenuViewController.swift */; };
		3F659C751EC73ACC00E64121 /* ArcadeConsole.storyboard in Resources */ = {isa = PBXBuildFile; fileRef = 3F659C741EC73ACC00E64121 /* ArcadeConsole.storyboard */; };
		3F659C791EC74C3600E64121 /* AlienMissile.gif in Resources */ = {isa = PBXBuildFile; fileRef = 3F659C781EC74C3600E64121 /* AlienMissile.gif */; };
		3F659C7C1EC74CD500E64121 /* ConsoleViewController.swift in Sources */ = {isa = PBXBuildFile; fileRef = 3F659C7B1EC74CD500E64121 /* ConsoleViewController.swift */; };
		3F659C881EC789A900E64121 /* Explosion.gif in Resources */ = {isa = PBXBuildFile; fileRef = 3F659C871EC789A900E64121 /* Explosion.gif */; };
		3F659C8A1EC7C5AD00E64121 /* SpaceHeal.gif in Resources */ = {isa = PBXBuildFile; fileRef = 3F659C891EC7C5AD00E64121 /* SpaceHeal.gif */; };
		3F659C901EC8C8DB00E64121 /* SpaceBonus.gif in Resources */ = {isa = PBXBuildFile; fileRef = 3F659C8F1EC8C8DB00E64121 /* SpaceBonus.gif */; };
		3F659C941EC8D5D000E64121 /* SpaceBackground.gif in Resources */ = {isa = PBXBuildFile; fileRef = 3F659C931EC8D5D000E64121 /* SpaceBackground.gif */; };
		3F659C961EC8D64500E64121 /* SpaceBomb.gif in Resources */ = {isa = PBXBuildFile; fileRef = 3F659C951EC8D64500E64121 /* SpaceBomb.gif */; };
		3F659C981EC91BD200E64121 /* ContentConsoleViewController.swift in Sources */ = {isa = PBXBuildFile; fileRef = 3F659C971EC91BD200E64121 /* ContentConsoleViewController.swift */; };
		3F659C9A1EC925CA00E64121 /* SpaceBonusHD.gif in Resources */ = {isa = PBXBuildFile; fileRef = 3F659C991EC925CA00E64121 /* SpaceBonusHD.gif */; };
		3F8E113E1ED5BD91004EC072 /* RulesPageViewController.swift in Sources */ = {isa = PBXBuildFile; fileRef = 3F8E113D1ED5BD91004EC072 /* RulesPageViewController.swift */; };
		3F9BE7211ED9C71B00F67C75 /* FicheView.xib in Resources */ = {isa = PBXBuildFile; fileRef = 3F9BE7201ED9C71B00F67C75 /* FicheView.xib */; };
		3FBBB97F1EE0378000EEDCAB /* DesignableTextField.swift in Sources */ = {isa = PBXBuildFile; fileRef = 3FBBB97E1EE0378000EEDCAB /* DesignableTextField.swift */; };
		3FC57A7A1EDB2CE300F5A7E1 /* BoireCafe.mp3 in Resources */ = {isa = PBXBuildFile; fileRef = 3FC57A791EDB2CE300F5A7E1 /* BoireCafe.mp3 */; };
		3FC57A7C1EDB2CED00F5A7E1 /* Fenetre.mp3 in Resources */ = {isa = PBXBuildFile; fileRef = 3FC57A7B1EDB2CED00F5A7E1 /* Fenetre.mp3 */; };
		3FC57A7E1EDB2CF300F5A7E1 /* BolCereale.mp3 in Resources */ = {isa = PBXBuildFile; fileRef = 3FC57A7D1EDB2CF300F5A7E1 /* BolCereale.mp3 */; };
		3FD1AC8E1EC5AF60008F66CB /* Air.mp3 in Resources */ = {isa = PBXBuildFile; fileRef = 3FD1AC751EC5AF60008F66CB /* Air.mp3 */; };
		3FD1AC8F1EC5AF60008F66CB /* Bonus.mp3 in Resources */ = {isa = PBXBuildFile; fileRef = 3FD1AC761EC5AF60008F66CB /* Bonus.mp3 */; };
		3FD1AC901EC5AF60008F66CB /* Clik.mp3 in Resources */ = {isa = PBXBuildFile; fileRef = 3FD1AC771EC5AF60008F66CB /* Clik.mp3 */; };
		3FD1AC911EC5AF60008F66CB /* ClikBad.mp3 in Resources */ = {isa = PBXBuildFile; fileRef = 3FD1AC781EC5AF60008F66CB /* ClikBad.mp3 */; };
		3FD1AC921EC5AF60008F66CB /* ClikGood.mp3 in Resources */ = {isa = PBXBuildFile; fileRef = 3FD1AC791EC5AF60008F66CB /* ClikGood.mp3 */; };
		3FD1AC931EC5AF60008F66CB /* Bedtime.mp3 in Resources */ = {isa = PBXBuildFile; fileRef = 3FD1AC7B1EC5AF60008F66CB /* Bedtime.mp3 */; };
		3FD1AC941EC5AF60008F66CB /* BlueRidge.mp3 in Resources */ = {isa = PBXBuildFile; fileRef = 3FD1AC7C1EC5AF60008F66CB /* BlueRidge.mp3 */; };
		3FD1AC951EC5AF60008F66CB /* Bog.mp3 in Resources */ = {isa = PBXBuildFile; fileRef = 3FD1AC7D1EC5AF60008F66CB /* Bog.mp3 */; };
		3FD1AC981EC5AF60008F66CB /* LostJungle.mp3 in Resources */ = {isa = PBXBuildFile; fileRef = 3FD1AC801EC5AF60008F66CB /* LostJungle.mp3 */; };
		3FD1AC991EC5AF60008F66CB /* MistyBog.mp3 in Resources */ = {isa = PBXBuildFile; fileRef = 3FD1AC811EC5AF60008F66CB /* MistyBog.mp3 */; };
		3FD1AC9A1EC5AF60008F66CB /* DownDraft.mp3 in Resources */ = {isa = PBXBuildFile; fileRef = 3FD1AC821EC5AF60008F66CB /* DownDraft.mp3 */; };
		3FD1AC9B1EC5AF60008F66CB /* MadScientist.mp3 in Resources */ = {isa = PBXBuildFile; fileRef = 3FD1AC831EC5AF60008F66CB /* MadScientist.mp3 */; };
		3FD1AC9C1EC5AF60008F66CB /* Moonlit.mp3 in Resources */ = {isa = PBXBuildFile; fileRef = 3FD1AC841EC5AF60008F66CB /* Moonlit.mp3 */; };
		3FD1AC9D1EC5AF60008F66CB /* PuzzleGame.mp3 in Resources */ = {isa = PBXBuildFile; fileRef = 3FD1AC851EC5AF60008F66CB /* PuzzleGame.mp3 */; };
		3FD1AC9E1EC5AF60008F66CB /* SodiumVapor.mp3 in Resources */ = {isa = PBXBuildFile; fileRef = 3FD1AC861EC5AF60008F66CB /* SodiumVapor.mp3 */; };
		3FD1AC9F1EC5AF60008F66CB /* SomeDreamy.mp3 in Resources */ = {isa = PBXBuildFile; fileRef = 3FD1AC871EC5AF60008F66CB /* SomeDreamy.mp3 */; };
		3FD1ACA01EC5AF60008F66CB /* SurrealChase.mp3 in Resources */ = {isa = PBXBuildFile; fileRef = 3FD1AC881EC5AF60008F66CB /* SurrealChase.mp3 */; };
		3FD1ACA11EC5AF60008F66CB /* TheDarkness.mp3 in Resources */ = {isa = PBXBuildFile; fileRef = 3FD1AC891EC5AF60008F66CB /* TheDarkness.mp3 */; };
		3FD1ACA21EC5AF60008F66CB /* TheyreClosing.mp3 in Resources */ = {isa = PBXBuildFile; fileRef = 3FD1AC8A1EC5AF60008F66CB /* TheyreClosing.mp3 */; };
		3FD1ACA31EC5AF60008F66CB /* Mountainside.mp3 in Resources */ = {isa = PBXBuildFile; fileRef = 3FD1AC8B1EC5AF60008F66CB /* Mountainside.mp3 */; };
		3FD1AD071EC5AF6D008F66CB /* LabyrintheViewController.swift in Sources */ = {isa = PBXBuildFile; fileRef = 3FD1ACA41EC5AF6D008F66CB /* LabyrintheViewController.swift */; };
		3FD1AD081EC5AF6D008F66CB /* Maze.swift in Sources */ = {isa = PBXBuildFile; fileRef = 3FD1ACA51EC5AF6D008F66CB /* Maze.swift */; };
		3FD1AD091EC5AF6D008F66CB /* MazePlayer.swift in Sources */ = {isa = PBXBuildFile; fileRef = 3FD1ACA61EC5AF6D008F66CB /* MazePlayer.swift */; };
		3FD1AD0A1EC5AF6D008F66CB /* Potion.swift in Sources */ = {isa = PBXBuildFile; fileRef = 3FD1ACA71EC5AF6D008F66CB /* Potion.swift */; };
		3FD1AD0B1EC5AF6D008F66CB /* Room.swift in Sources */ = {isa = PBXBuildFile; fileRef = 3FD1ACA81EC5AF6D008F66CB /* Room.swift */; };
		3FD1AD0C1EC5AF6D008F66CB /* StrangeBat.swift in Sources */ = {isa = PBXBuildFile; fileRef = 3FD1ACA91EC5AF6D008F66CB /* StrangeBat.swift */; };
		3FD1AD0D1EC5AF6D008F66CB /* ContentLabyrintheViewController.swift in Sources */ = {isa = PBXBuildFile; fileRef = 3FD1ACAA1EC5AF6D008F66CB /* ContentLabyrintheViewController.swift */; };
		3FD1AD0E1EC5AF6D008F66CB /* ContentCookieViewController.swift in Sources */ = {isa = PBXBuildFile; fileRef = 3FD1ACAC1EC5AF6D008F66CB /* ContentCookieViewController.swift */; };
		3FD1AD0F1EC5AF6D008F66CB /* CookieViewController.swift in Sources */ = {isa = PBXBuildFile; fileRef = 3FD1ACAD1EC5AF6D008F66CB /* CookieViewController.swift */; };
		3FD1AD101EC5AF6D008F66CB /* InitViewController.swift in Sources */ = {isa = PBXBuildFile; fileRef = 3FD1ACAF1EC5AF6D008F66CB /* InitViewController.swift */; };
		3FD1AD111EC5AF6D008F66CB /* NameModalViewController.swift in Sources */ = {isa = PBXBuildFile; fileRef = 3FD1ACB01EC5AF6D008F66CB /* NameModalViewController.swift */; };
		3FD1AD121EC5AF6D008F66CB /* DialogueViewController.swift in Sources */ = {isa = PBXBuildFile; fileRef = 3FD1ACB11EC5AF6D008F66CB /* DialogueViewController.swift */; };
		3FD1AD131EC5AF6D008F66CB /* ChoiceClasseViewController.swift in Sources */ = {isa = PBXBuildFile; fileRef = 3FD1ACB21EC5AF6D008F66CB /* ChoiceClasseViewController.swift */; };
		3FD1AD141EC5AF6D008F66CB /* ClasseTableViewCell.swift in Sources */ = {isa = PBXBuildFile; fileRef = 3FD1ACB31EC5AF6D008F66CB /* ClasseTableViewCell.swift */; };
		3FD1AD151EC5AF6D008F66CB /* ClasseModalViewController.swift in Sources */ = {isa = PBXBuildFile; fileRef = 3FD1ACB41EC5AF6D008F66CB /* ClasseModalViewController.swift */; };
		3FD1AD161EC5AF6D008F66CB /* QuestionViewController.swift in Sources */ = {isa = PBXBuildFile; fileRef = 3FD1ACB51EC5AF6D008F66CB /* QuestionViewController.swift */; };
		3FD1AD171EC5AF6D008F66CB /* GameOverViewController.swift in Sources */ = {isa = PBXBuildFile; fileRef = 3FD1ACB61EC5AF6D008F66CB /* GameOverViewController.swift */; };
		3FD1AD181EC5AF6D008F66CB /* ParametresViewController.swift in Sources */ = {isa = PBXBuildFile; fileRef = 3FD1ACB71EC5AF6D008F66CB /* ParametresViewController.swift */; };
		3FD1AD191EC5AF6D008F66CB /* CreditViewController.swift in Sources */ = {isa = PBXBuildFile; fileRef = 3FD1ACB81EC5AF6D008F66CB /* CreditViewController.swift */; };
		3FD1AD1A1EC5AF6D008F66CB /* Main.storyboard in Resources */ = {isa = PBXBuildFile; fileRef = 3FD1ACBB1EC5AF6D008F66CB /* Main.storyboard */; };
		3FD1AD1B1EC5AF6D008F66CB /* ArcadeRangement.storyboard in Resources */ = {isa = PBXBuildFile; fileRef = 3FD1ACBD1EC5AF6D008F66CB /* ArcadeRangement.storyboard */; };
		3FD1AD1C1EC5AF6D008F66CB /* Dialogue.storyboard in Resources */ = {isa = PBXBuildFile; fileRef = 3FD1ACBE1EC5AF6D008F66CB /* Dialogue.storyboard */; };
		3FD1AD1D1EC5AF6D008F66CB /* ArcadeCookie.storyboard in Resources */ = {isa = PBXBuildFile; fileRef = 3FD1ACC01EC5AF6D008F66CB /* ArcadeCookie.storyboard */; };
		3FD1AD1E1EC5AF6D008F66CB /* Quiz.storyboard in Resources */ = {isa = PBXBuildFile; fileRef = 3FD1ACC11EC5AF6D008F66CB /* Quiz.storyboard */; };
		3FD1AD1F1EC5AF6D008F66CB /* LaunchScreen.storyboard in Resources */ = {isa = PBXBuildFile; fileRef = 3FD1ACC31EC5AF6D008F66CB /* LaunchScreen.storyboard */; };
		3FD1AD201EC5AF6D008F66CB /* ChoiseClasse.storyboard in Resources */ = {isa = PBXBuildFile; fileRef = 3FD1ACC51EC5AF6D008F66CB /* ChoiseClasse.storyboard */; };
		3FD1AD211EC5AF6D008F66CB /* HeaderView.xib in Resources */ = {isa = PBXBuildFile; fileRef = 3FD1ACC61EC5AF6D008F66CB /* HeaderView.xib */; };
		3FD1AD221EC5AF6D008F66CB /* ArcadeLabyrinthe.storyboard in Resources */ = {isa = PBXBuildFile; fileRef = 3FD1ACC71EC5AF6D008F66CB /* ArcadeLabyrinthe.storyboard */; };
		3FD1AD231EC5AF6D008F66CB /* GameOver.storyboard in Resources */ = {isa = PBXBuildFile; fileRef = 3FD1ACC81EC5AF6D008F66CB /* GameOver.storyboard */; };
		3FD1AD241EC5AF6D008F66CB /* GamesRules.xib in Resources */ = {isa = PBXBuildFile; fileRef = 3FD1ACC91EC5AF6D008F66CB /* GamesRules.xib */; };
		3FD1AD251EC5AF6D008F66CB /* Parametres.storyboard in Resources */ = {isa = PBXBuildFile; fileRef = 3FD1ACCA1EC5AF6D008F66CB /* Parametres.storyboard */; };
		3FD1AD261EC5AF6D008F66CB /* Bonus.swift in Sources */ = {isa = PBXBuildFile; fileRef = 3FD1ACCC1EC5AF6D008F66CB /* Bonus.swift */; };
		3FD1AD271EC5AF6D008F66CB /* FreezeTime.swift in Sources */ = {isa = PBXBuildFile; fileRef = 3FD1ACCD1EC5AF6D008F66CB /* FreezeTime.swift */; };
		3FD1AD281EC5AF6D008F66CB /* FreezeObjects.swift in Sources */ = {isa = PBXBuildFile; fileRef = 3FD1ACCE1EC5AF6D008F66CB /* FreezeObjects.swift */; };
		3FD1AD291EC5AF6D008F66CB /* SlowTime.swift in Sources */ = {isa = PBXBuildFile; fileRef = 3FD1ACCF1EC5AF6D008F66CB /* SlowTime.swift */; };
		3FD1AD2A1EC5AF6D008F66CB /* ScoreUp.swift in Sources */ = {isa = PBXBuildFile; fileRef = 3FD1ACD01EC5AF6D008F66CB /* ScoreUp.swift */; };
		3FD1AD2B1EC5AF6D008F66CB /* ScoreDown.swift in Sources */ = {isa = PBXBuildFile; fileRef = 3FD1ACD11EC5AF6D008F66CB /* ScoreDown.swift */; };
		3FD1AD2C1EC5AF6D008F66CB /* SomeHelp.swift in Sources */ = {isa = PBXBuildFile; fileRef = 3FD1ACD21EC5AF6D008F66CB /* SomeHelp.swift */; };
		3FD1AD2D1EC5AF6D008F66CB /* RangementViewController.swift in Sources */ = {isa = PBXBuildFile; fileRef = 3FD1ACD41EC5AF6D008F66CB /* RangementViewController.swift */; };
		3FD1AD2E1EC5AF6D008F66CB /* RangementView.swift in Sources */ = {isa = PBXBuildFile; fileRef = 3FD1ACD51EC5AF6D008F66CB /* RangementView.swift */; };
		3FD1AD2F1EC5AF6D008F66CB /* Objet.swift in Sources */ = {isa = PBXBuildFile; fileRef = 3FD1ACD61EC5AF6D008F66CB /* Objet.swift */; };
		3FD1AD301EC5AF6D008F66CB /* ContentRangementViewController.swift in Sources */ = {isa = PBXBuildFile; fileRef = 3FD1ACD71EC5AF6D008F66CB /* ContentRangementViewController.swift */; };
		3FD1AD311EC5AF6D008F66CB /* ProfilJoueur.swift in Sources */ = {isa = PBXBuildFile; fileRef = 3FD1ACD91EC5AF6D008F66CB /* ProfilJoueur.swift */; };
		3FD1AD321EC5AF6D008F66CB /* DesignableView.swift in Sources */ = {isa = PBXBuildFile; fileRef = 3FD1ACDB1EC5AF6D008F66CB /* DesignableView.swift */; };
		3FD1AD331EC5AF6D008F66CB /* DesignableButton.swift in Sources */ = {isa = PBXBuildFile; fileRef = 3FD1ACDC1EC5AF6D008F66CB /* DesignableButton.swift */; };
		3FD1AD341EC5AF6D008F66CB /* DesignableLabel.swift in Sources */ = {isa = PBXBuildFile; fileRef = 3FD1ACDD1EC5AF6D008F66CB /* DesignableLabel.swift */; };
		3FD1AD351EC5AF6D008F66CB /* HeaderView.swift in Sources */ = {isa = PBXBuildFile; fileRef = 3FD1ACDE1EC5AF6D008F66CB /* HeaderView.swift */; };
		3FD1AD361EC5AF6D008F66CB /* GamesRulesView.swift in Sources */ = {isa = PBXBuildFile; fileRef = 3FD1ACDF1EC5AF6D008F66CB /* GamesRulesView.swift */; };
		3FD1AD371EC5AF6D008F66CB /* ClasseJoueur.json in Resources */ = {isa = PBXBuildFile; fileRef = 3FD1ACE11EC5AF6D008F66CB /* ClasseJoueur.json */; };
		3FD1AD381EC5AF6D008F66CB /* QuestionsImerirApp.json in Resources */ = {isa = PBXBuildFile; fileRef = 3FD1ACE21EC5AF6D008F66CB /* QuestionsImerirApp.json */; };
		3FD1AD391EC5AF6D008F66CB /* Credit.json in Resources */ = {isa = PBXBuildFile; fileRef = 3FD1ACE31EC5AF6D008F66CB /* Credit.json */; };
		3FD1AD3A1EC5AF6D008F66CB /* Dialogue.json in Resources */ = {isa = PBXBuildFile; fileRef = 3FD1ACE41EC5AF6D008F66CB /* Dialogue.json */; };
		3FD1AD3B1EC5AF6D008F66CB /* Lab4voies.gif in Resources */ = {isa = PBXBuildFile; fileRef = 3FD1ACE61EC5AF6D008F66CB /* Lab4voies.gif */; };
		3FD1AD3C1EC5AF6D008F66CB /* LabGaucheDroite.gif in Resources */ = {isa = PBXBuildFile; fileRef = 3FD1ACE71EC5AF6D008F66CB /* LabGaucheDroite.gif */; };
		3FD1AD3D1EC5AF6D008F66CB /* BeteGrise.gif in Resources */ = {isa = PBXBuildFile; fileRef = 3FD1ACE81EC5AF6D008F66CB /* BeteGrise.gif */; };
		3FD1AD3E1EC5AF6D008F66CB /* BeteVerte.gif in Resources */ = {isa = PBXBuildFile; fileRef = 3FD1ACE91EC5AF6D008F66CB /* BeteVerte.gif */; };
		3FD1AD3F1EC5AF6D008F66CB /* BeteRouge.gif in Resources */ = {isa = PBXBuildFile; fileRef = 3FD1ACEA1EC5AF6D008F66CB /* BeteRouge.gif */; };
		3FD1AD401EC5AF6D008F66CB /* Potion.gif in Resources */ = {isa = PBXBuildFile; fileRef = 3FD1ACEB1EC5AF6D008F66CB /* Potion.gif */; };
		3FD1AD411EC5AF6D008F66CB /* Piege.gif in Resources */ = {isa = PBXBuildFile; fileRef = 3FD1ACEC1EC5AF6D008F66CB /* Piege.gif */; };
		3FD1AD421EC5AF6D008F66CB /* LabCulDeSac.gif in Resources */ = {isa = PBXBuildFile; fileRef = 3FD1ACED1EC5AF6D008F66CB /* LabCulDeSac.gif */; };
		3FD1AD431EC5AF6D008F66CB /* LabDroite.gif in Resources */ = {isa = PBXBuildFile; fileRef = 3FD1ACEE1EC5AF6D008F66CB /* LabDroite.gif */; };
		3FD1AD441EC5AF6D008F66CB /* LabFace.gif in Resources */ = {isa = PBXBuildFile; fileRef = 3FD1ACEF1EC5AF6D008F66CB /* LabFace.gif */; };
		3FD1AD451EC5AF6D008F66CB /* LabFaceDroite.gif in Resources */ = {isa = PBXBuildFile; fileRef = 3FD1ACF01EC5AF6D008F66CB /* LabFaceDroite.gif */; };
		3FD1AD461EC5AF6D008F66CB /* LabFaceGauche.gif in Resources */ = {isa = PBXBuildFile; fileRef = 3FD1ACF11EC5AF6D008F66CB /* LabFaceGauche.gif */; };
		3FD1AD471EC5AF6D008F66CB /* LabGauche.gif in Resources */ = {isa = PBXBuildFile; fileRef = 3FD1ACF21EC5AF6D008F66CB /* LabGauche.gif */; };
		3FD1AD481EC5AF6D008F66CB /* LabSortie.gif in Resources */ = {isa = PBXBuildFile; fileRef = 3FD1ACF31EC5AF6D008F66CB /* LabSortie.gif */; };
		3FD1AD491EC5AF6D008F66CB /* Silhouette.gif in Resources */ = {isa = PBXBuildFile; fileRef = 3FD1ACF41EC5AF6D008F66CB /* Silhouette.gif */; };
		3FD1AD4A1EC5AF6D008F66CB /* Maman.gif in Resources */ = {isa = PBXBuildFile; fileRef = 3FD1ACF51EC5AF6D008F66CB /* Maman.gif */; };
		3FD1AD4B1EC5AF6D008F66CB /* ChambreAdo.gif in Resources */ = {isa = PBXBuildFile; fileRef = 3FD1ACF61EC5AF6D008F66CB /* ChambreAdo.gif */; };
		3FD1AD4C1EC5AF6D008F66CB /* Reveil.gif in Resources */ = {isa = PBXBuildFile; fileRef = 3FD1ACF71EC5AF6D008F66CB /* Reveil.gif */; };
		3FD1AD4D1EC5AF6D008F66CB /* BackgroundDirecteur.gif in Resources */ = {isa = PBXBuildFile; fileRef = 3FD1ACF81EC5AF6D008F66CB /* BackgroundDirecteur.gif */; };
		3FD1AD4E1EC5AF6D008F66CB /* BackgroundMartien.gif in Resources */ = {isa = PBXBuildFile; fileRef = 3FD1ACF91EC5AF6D008F66CB /* BackgroundMartien.gif */; };
		3FD1AD4F1EC5AF6D008F66CB /* Directeur.gif in Resources */ = {isa = PBXBuildFile; fileRef = 3FD1ACFA1EC5AF6D008F66CB /* Directeur.gif */; };
		3FD1AD501EC5AF6D008F66CB /* Martien1.gif in Resources */ = {isa = PBXBuildFile; fileRef = 3FD1ACFB1EC5AF6D008F66CB /* Martien1.gif */; };
		3FD1AD511EC5AF6D008F66CB /* Martien2.gif in Resources */ = {isa = PBXBuildFile; fileRef = 3FD1ACFC1EC5AF6D008F66CB /* Martien2.gif */; };
		3FD1AD521EC5AF6D008F66CB /* SalleDeClasse.gif in Resources */ = {isa = PBXBuildFile; fileRef = 3FD1ACFD1EC5AF6D008F66CB /* SalleDeClasse.gif */; };
		3FD1AD531EC5AF6D008F66CB /* SalleDirecteur.gif in Resources */ = {isa = PBXBuildFile; fileRef = 3FD1ACFE1EC5AF6D008F66CB /* SalleDirecteur.gif */; };
		3FD1AD541EC5AF6D008F66CB /* AppDelegate.swift in Sources */ = {isa = PBXBuildFile; fileRef = 3FD1AD001EC5AF6D008F66CB /* AppDelegate.swift */; };
		3FD1AD551EC5AF6D008F66CB /* Assets.xcassets in Resources */ = {isa = PBXBuildFile; fileRef = 3FD1AD011EC5AF6D008F66CB /* Assets.xcassets */; };
		3FD1AD571EC5AF6D008F66CB /* SwiftyJSON.swift in Sources */ = {isa = PBXBuildFile; fileRef = 3FD1AD031EC5AF6D008F66CB /* SwiftyJSON.swift */; };
		3FD1AD581EC5AF6D008F66CB /* BuildElementApp.swift in Sources */ = {isa = PBXBuildFile; fileRef = 3FD1AD041EC5AF6D008F66CB /* BuildElementApp.swift */; };
		3FD1AD591EC5AF6D008F66CB /* OutletExtension.swift in Sources */ = {isa = PBXBuildFile; fileRef = 3FD1AD051EC5AF6D008F66CB /* OutletExtension.swift */; };
		3FD6B7A11ECF548800495579 /* ContentBacViewController.swift in Sources */ = {isa = PBXBuildFile; fileRef = 3FD6B7A01ECF548800495579 /* ContentBacViewController.swift */; };
		3FED6BB91ED9D1FB00672CDE /* MonstreTaped.mp3 in Resources */ = {isa = PBXBuildFile; fileRef = 3FED6BB81ED9D1FB00672CDE /* MonstreTaped.mp3 */; };
		3FEDCED61EC9521500491CAD /* Spaceship.swift in Sources */ = {isa = PBXBuildFile; fileRef = 3FEDCED51EC9521500491CAD /* Spaceship.swift */; };
		3FF144151EC9E8A400B1567E /* Steamtech.mp3 in Resources */ = {isa = PBXBuildFile; fileRef = 3FF144141EC9E8A400B1567E /* Steamtech.mp3 */; };
		3FF144291ECAF8EC00B1567E /* Explosion.mp3 in Resources */ = {isa = PBXBuildFile; fileRef = 3FF144231ECAF8EC00B1567E /* Explosion.mp3 */; };
		3FF1442A1ECAF8EC00B1567E /* MonstreLow.mp3 in Resources */ = {isa = PBXBuildFile; fileRef = 3FF144241ECAF8EC00B1567E /* MonstreLow.mp3 */; };
		3FF1442B1ECAF8EC00B1567E /* MonstresHigh.mp3 in Resources */ = {isa = PBXBuildFile; fileRef = 3FF144251ECAF8EC00B1567E /* MonstresHigh.mp3 */; };
		3FF1442C1ECAF8EC00B1567E /* Piege.mp3 in Resources */ = {isa = PBXBuildFile; fileRef = 3FF144261ECAF8EC00B1567E /* Piege.mp3 */; };
		3FF1442D1ECAF8EC00B1567E /* Potion.mp3 in Resources */ = {isa = PBXBuildFile; fileRef = 3FF144271ECAF8EC00B1567E /* Potion.mp3 */; };
		3FF1442E1ECAF8EC00B1567E /* Sortie.mp3 in Resources */ = {isa = PBXBuildFile; fileRef = 3FF144281ECAF8EC00B1567E /* Sortie.mp3 */; };
		3FF66F1C1ECB5A520042E99B /* Fantasy.mp3 in Resources */ = {isa = PBXBuildFile; fileRef = 3FF66F1B1ECB5A520042E99B /* Fantasy.mp3 */; };
		3FF66F201ECC7E920042E99B /* StatsViewController.swift in Sources */ = {isa = PBXBuildFile; fileRef = 3FF66F1F1ECC7E920042E99B /* StatsViewController.swift */; };
		3FF66F221ECC7EAC0042E99B /* StatsTableViewCell.swift in Sources */ = {isa = PBXBuildFile; fileRef = 3FF66F211ECC7EAC0042E99B /* StatsTableViewCell.swift */; };
/* End PBXBuildFile section */

/* Begin PBXContainerItemProxy section */
		3F28447A1E488E94001E8ED3 /* PBXContainerItemProxy */ = {
			isa = PBXContainerItemProxy;
			containerPortal = 3F28445D1E488E94001E8ED3 /* Project object */;
			proxyType = 1;
			remoteGlobalIDString = 3F2844641E488E94001E8ED3;
			remoteInfo = ProjetImerirApp;
		};
/* End PBXContainerItemProxy section */

/* Begin PBXFileReference section */
		3F05B9231EDD6AC6002649AE /* EmbedViewController.swift */ = {isa = PBXFileReference; fileEncoding = 4; lastKnownFileType = sourcecode.swift; path = EmbedViewController.swift; sourceTree = "<group>"; };
		3F07DE771EDDBFCD0050130F /* GameKit.framework */ = {isa = PBXFileReference; lastKnownFileType = wrapper.framework; name = GameKit.framework; path = System/Library/Frameworks/GameKit.framework; sourceTree = SDKROOT; };
		3F25E4C81ECC7FE9009AAEEC /* ArcadeBac.storyboard */ = {isa = PBXFileReference; fileEncoding = 4; lastKnownFileType = file.storyboard; name = ArcadeBac.storyboard; path = ProjetImerirApp/ArcadeBac.storyboard; sourceTree = "<group>"; };
		3F25E4CB1ECC813A009AAEEC /* BacViewController.swift */ = {isa = PBXFileReference; fileEncoding = 4; lastKnownFileType = sourcecode.swift; lineEnding = 0; path = BacViewController.swift; sourceTree = "<group>"; xcLanguageSpecificationIdentifier = xcode.lang.swift; };
		3F25E4CF1ECC90D5009AAEEC /* Fiche.swift */ = {isa = PBXFileReference; fileEncoding = 4; lastKnownFileType = sourcecode.swift; path = Fiche.swift; sourceTree = "<group>"; };
		3F2844651E488E94001E8ED3 /* ProjetImerirApp.app */ = {isa = PBXFileReference; explicitFileType = wrapper.application; includeInIndex = 0; path = ProjetImerirApp.app; sourceTree = BUILT_PRODUCTS_DIR; };
		3F2844791E488E94001E8ED3 /* ProjetImerirAppTests.xctest */ = {isa = PBXFileReference; explicitFileType = wrapper.cfbundle; includeInIndex = 0; path = ProjetImerirAppTests.xctest; sourceTree = BUILT_PRODUCTS_DIR; };
		3F28447D1E488E94001E8ED3 /* ProjetImerirAppTests.swift */ = {isa = PBXFileReference; lastKnownFileType = sourcecode.swift; path = ProjetImerirAppTests.swift; sourceTree = "<group>"; usesTabs = 0; };
		3F28447F1E488E94001E8ED3 /* Info.plist */ = {isa = PBXFileReference; lastKnownFileType = text.plist.xml; path = Info.plist; sourceTree = "<group>"; };
		3F6272F31EE2DD390098BDD5 /* MenuViewController.swift */ = {isa = PBXFileReference; fileEncoding = 4; lastKnownFileType = sourcecode.swift; path = MenuViewController.swift; sourceTree = "<group>"; };
		3F659C741EC73ACC00E64121 /* ArcadeConsole.storyboard */ = {isa = PBXFileReference; fileEncoding = 4; lastKnownFileType = file.storyboard; name = ArcadeConsole.storyboard; path = ProjetImerirApp/ArcadeConsole.storyboard; sourceTree = "<group>"; };
		3F659C781EC74C3600E64121 /* AlienMissile.gif */ = {isa = PBXFileReference; lastKnownFileType = image.gif; path = AlienMissile.gif; sourceTree = "<group>"; };
		3F659C7B1EC74CD500E64121 /* ConsoleViewController.swift */ = {isa = PBXFileReference; fileEncoding = 4; lastKnownFileType = sourcecode.swift; lineEnding = 0; path = ConsoleViewController.swift; sourceTree = "<group>"; xcLanguageSpecificationIdentifier = xcode.lang.swift; };
		3F659C871EC789A900E64121 /* Explosion.gif */ = {isa = PBXFileReference; lastKnownFileType = image.gif; path = Explosion.gif; sourceTree = "<group>"; };
		3F659C891EC7C5AD00E64121 /* SpaceHeal.gif */ = {isa = PBXFileReference; lastKnownFileType = image.gif; path = SpaceHeal.gif; sourceTree = "<group>"; };
		3F659C8F1EC8C8DB00E64121 /* SpaceBonus.gif */ = {isa = PBXFileReference; lastKnownFileType = image.gif; path = SpaceBonus.gif; sourceTree = "<group>"; };
		3F659C931EC8D5D000E64121 /* SpaceBackground.gif */ = {isa = PBXFileReference; lastKnownFileType = image.gif; path = SpaceBackground.gif; sourceTree = "<group>"; };
		3F659C951EC8D64500E64121 /* SpaceBomb.gif */ = {isa = PBXFileReference; lastKnownFileType = image.gif; path = SpaceBomb.gif; sourceTree = "<group>"; };
		3F659C971EC91BD200E64121 /* ContentConsoleViewController.swift */ = {isa = PBXFileReference; fileEncoding = 4; lastKnownFileType = sourcecode.swift; path = ContentConsoleViewController.swift; sourceTree = "<group>"; };
		3F659C991EC925CA00E64121 /* SpaceBonusHD.gif */ = {isa = PBXFileReference; lastKnownFileType = image.gif; path = SpaceBonusHD.gif; sourceTree = "<group>"; };
		3F8E113D1ED5BD91004EC072 /* RulesPageViewController.swift */ = {isa = PBXFileReference; fileEncoding = 4; lastKnownFileType = sourcecode.swift; path = RulesPageViewController.swift; sourceTree = "<group>"; };
		3F9BE7201ED9C71B00F67C75 /* FicheView.xib */ = {isa = PBXFileReference; fileEncoding = 4; lastKnownFileType = file.xib; name = FicheView.xib; path = ProjetImerirApp/FicheView.xib; sourceTree = "<group>"; };
		3FBBB97E1EE0378000EEDCAB /* DesignableTextField.swift */ = {isa = PBXFileReference; fileEncoding = 4; lastKnownFileType = sourcecode.swift; path = DesignableTextField.swift; sourceTree = "<group>"; };
		3FC57A791EDB2CE300F5A7E1 /* BoireCafe.mp3 */ = {isa = PBXFileReference; lastKnownFileType = audio.mp3; path = BoireCafe.mp3; sourceTree = "<group>"; };
		3FC57A7B1EDB2CED00F5A7E1 /* Fenetre.mp3 */ = {isa = PBXFileReference; lastKnownFileType = audio.mp3; path = Fenetre.mp3; sourceTree = "<group>"; };
		3FC57A7D1EDB2CF300F5A7E1 /* BolCereale.mp3 */ = {isa = PBXFileReference; lastKnownFileType = audio.mp3; path = BolCereale.mp3; sourceTree = "<group>"; };
		3FD1AC751EC5AF60008F66CB /* Air.mp3 */ = {isa = PBXFileReference; lastKnownFileType = audio.mp3; path = Air.mp3; sourceTree = "<group>"; };
		3FD1AC761EC5AF60008F66CB /* Bonus.mp3 */ = {isa = PBXFileReference; lastKnownFileType = audio.mp3; path = Bonus.mp3; sourceTree = "<group>"; };
		3FD1AC771EC5AF60008F66CB /* Clik.mp3 */ = {isa = PBXFileReference; lastKnownFileType = audio.mp3; path = Clik.mp3; sourceTree = "<group>"; };
		3FD1AC781EC5AF60008F66CB /* ClikBad.mp3 */ = {isa = PBXFileReference; lastKnownFileType = audio.mp3; path = ClikBad.mp3; sourceTree = "<group>"; };
		3FD1AC791EC5AF60008F66CB /* ClikGood.mp3 */ = {isa = PBXFileReference; lastKnownFileType = audio.mp3; path = ClikGood.mp3; sourceTree = "<group>"; };
		3FD1AC7B1EC5AF60008F66CB /* Bedtime.mp3 */ = {isa = PBXFileReference; lastKnownFileType = audio.mp3; path = Bedtime.mp3; sourceTree = "<group>"; };
		3FD1AC7C1EC5AF60008F66CB /* BlueRidge.mp3 */ = {isa = PBXFileReference; lastKnownFileType = audio.mp3; path = BlueRidge.mp3; sourceTree = "<group>"; };
		3FD1AC7D1EC5AF60008F66CB /* Bog.mp3 */ = {isa = PBXFileReference; lastKnownFileType = audio.mp3; path = Bog.mp3; sourceTree = "<group>"; };
		3FD1AC801EC5AF60008F66CB /* LostJungle.mp3 */ = {isa = PBXFileReference; lastKnownFileType = audio.mp3; path = LostJungle.mp3; sourceTree = "<group>"; };
		3FD1AC811EC5AF60008F66CB /* MistyBog.mp3 */ = {isa = PBXFileReference; lastKnownFileType = audio.mp3; path = MistyBog.mp3; sourceTree = "<group>"; };
		3FD1AC821EC5AF60008F66CB /* DownDraft.mp3 */ = {isa = PBXFileReference; lastKnownFileType = audio.mp3; path = DownDraft.mp3; sourceTree = "<group>"; };
		3FD1AC831EC5AF60008F66CB /* MadScientist.mp3 */ = {isa = PBXFileReference; lastKnownFileType = audio.mp3; path = MadScientist.mp3; sourceTree = "<group>"; };
		3FD1AC841EC5AF60008F66CB /* Moonlit.mp3 */ = {isa = PBXFileReference; lastKnownFileType = audio.mp3; path = Moonlit.mp3; sourceTree = "<group>"; };
		3FD1AC851EC5AF60008F66CB /* PuzzleGame.mp3 */ = {isa = PBXFileReference; lastKnownFileType = audio.mp3; path = PuzzleGame.mp3; sourceTree = "<group>"; };
		3FD1AC861EC5AF60008F66CB /* SodiumVapor.mp3 */ = {isa = PBXFileReference; lastKnownFileType = audio.mp3; path = SodiumVapor.mp3; sourceTree = "<group>"; };
		3FD1AC871EC5AF60008F66CB /* SomeDreamy.mp3 */ = {isa = PBXFileReference; lastKnownFileType = audio.mp3; path = SomeDreamy.mp3; sourceTree = "<group>"; };
		3FD1AC881EC5AF60008F66CB /* SurrealChase.mp3 */ = {isa = PBXFileReference; lastKnownFileType = audio.mp3; path = SurrealChase.mp3; sourceTree = "<group>"; };
		3FD1AC891EC5AF60008F66CB /* TheDarkness.mp3 */ = {isa = PBXFileReference; lastKnownFileType = audio.mp3; path = TheDarkness.mp3; sourceTree = "<group>"; };
		3FD1AC8A1EC5AF60008F66CB /* TheyreClosing.mp3 */ = {isa = PBXFileReference; lastKnownFileType = audio.mp3; path = TheyreClosing.mp3; sourceTree = "<group>"; };
		3FD1AC8B1EC5AF60008F66CB /* Mountainside.mp3 */ = {isa = PBXFileReference; lastKnownFileType = audio.mp3; path = Mountainside.mp3; sourceTree = "<group>"; };
		3FD1ACA41EC5AF6D008F66CB /* LabyrintheViewController.swift */ = {isa = PBXFileReference; fileEncoding = 4; lastKnownFileType = sourcecode.swift; lineEnding = 0; path = LabyrintheViewController.swift; sourceTree = "<group>"; xcLanguageSpecificationIdentifier = xcode.lang.swift; };
		3FD1ACA51EC5AF6D008F66CB /* Maze.swift */ = {isa = PBXFileReference; fileEncoding = 4; lastKnownFileType = sourcecode.swift; path = Maze.swift; sourceTree = "<group>"; };
		3FD1ACA61EC5AF6D008F66CB /* MazePlayer.swift */ = {isa = PBXFileReference; fileEncoding = 4; lastKnownFileType = sourcecode.swift; path = MazePlayer.swift; sourceTree = "<group>"; };
		3FD1ACA71EC5AF6D008F66CB /* Potion.swift */ = {isa = PBXFileReference; fileEncoding = 4; lastKnownFileType = sourcecode.swift; path = Potion.swift; sourceTree = "<group>"; };
		3FD1ACA81EC5AF6D008F66CB /* Room.swift */ = {isa = PBXFileReference; fileEncoding = 4; lastKnownFileType = sourcecode.swift; path = Room.swift; sourceTree = "<group>"; };
		3FD1ACA91EC5AF6D008F66CB /* StrangeBat.swift */ = {isa = PBXFileReference; fileEncoding = 4; lastKnownFileType = sourcecode.swift; path = StrangeBat.swift; sourceTree = "<group>"; };
		3FD1ACAA1EC5AF6D008F66CB /* ContentLabyrintheViewController.swift */ = {isa = PBXFileReference; fileEncoding = 4; lastKnownFileType = sourcecode.swift; path = ContentLabyrintheViewController.swift; sourceTree = "<group>"; };
		3FD1ACAC1EC5AF6D008F66CB /* ContentCookieViewController.swift */ = {isa = PBXFileReference; fileEncoding = 4; lastKnownFileType = sourcecode.swift; path = ContentCookieViewController.swift; sourceTree = "<group>"; };
		3FD1ACAD1EC5AF6D008F66CB /* CookieViewController.swift */ = {isa = PBXFileReference; fileEncoding = 4; lastKnownFileType = sourcecode.swift; lineEnding = 0; path = CookieViewController.swift; sourceTree = "<group>"; xcLanguageSpecificationIdentifier = xcode.lang.swift; };
		3FD1ACAF1EC5AF6D008F66CB /* InitViewController.swift */ = {isa = PBXFileReference; fileEncoding = 4; lastKnownFileType = sourcecode.swift; lineEnding = 0; path = InitViewController.swift; sourceTree = "<group>"; xcLanguageSpecificationIdentifier = xcode.lang.swift; };
		3FD1ACB01EC5AF6D008F66CB /* NameModalViewController.swift */ = {isa = PBXFileReference; fileEncoding = 4; lastKnownFileType = sourcecode.swift; path = NameModalViewController.swift; sourceTree = "<group>"; };
		3FD1ACB11EC5AF6D008F66CB /* DialogueViewController.swift */ = {isa = PBXFileReference; fileEncoding = 4; lastKnownFileType = sourcecode.swift; lineEnding = 0; path = DialogueViewController.swift; sourceTree = "<group>"; xcLanguageSpecificationIdentifier = xcode.lang.swift; };
		3FD1ACB21EC5AF6D008F66CB /* ChoiceClasseViewController.swift */ = {isa = PBXFileReference; fileEncoding = 4; lastKnownFileType = sourcecode.swift; lineEnding = 0; path = ChoiceClasseViewController.swift; sourceTree = "<group>"; xcLanguageSpecificationIdentifier = xcode.lang.swift; };
		3FD1ACB31EC5AF6D008F66CB /* ClasseTableViewCell.swift */ = {isa = PBXFileReference; fileEncoding = 4; lastKnownFileType = sourcecode.swift; path = ClasseTableViewCell.swift; sourceTree = "<group>"; };
		3FD1ACB41EC5AF6D008F66CB /* ClasseModalViewController.swift */ = {isa = PBXFileReference; fileEncoding = 4; lastKnownFileType = sourcecode.swift; path = ClasseModalViewController.swift; sourceTree = "<group>"; };
		3FD1ACB51EC5AF6D008F66CB /* QuestionViewController.swift */ = {isa = PBXFileReference; fileEncoding = 4; lastKnownFileType = sourcecode.swift; lineEnding = 0; path = QuestionViewController.swift; sourceTree = "<group>"; xcLanguageSpecificationIdentifier = xcode.lang.swift; };
		3FD1ACB61EC5AF6D008F66CB /* GameOverViewController.swift */ = {isa = PBXFileReference; fileEncoding = 4; lastKnownFileType = sourcecode.swift; path = GameOverViewController.swift; sourceTree = "<group>"; };
		3FD1ACB71EC5AF6D008F66CB /* ParametresViewController.swift */ = {isa = PBXFileReference; fileEncoding = 4; lastKnownFileType = sourcecode.swift; path = ParametresViewController.swift; sourceTree = "<group>"; };
		3FD1ACB81EC5AF6D008F66CB /* CreditViewController.swift */ = {isa = PBXFileReference; fileEncoding = 4; lastKnownFileType = sourcecode.swift; path = CreditViewController.swift; sourceTree = "<group>"; };
		3FD1ACBA1EC5AF6D008F66CB /* Base */ = {isa = PBXFileReference; lastKnownFileType = file.storyboard; name = Base; path = Base.lproj/Main.storyboard; sourceTree = "<group>"; };
		3FD1ACBC1EC5AF6D008F66CB /* Base */ = {isa = PBXFileReference; lastKnownFileType = file.storyboard; name = Base; path = ProjetImerirApp/Base.lproj/ArcadeRangement.storyboard; sourceTree = "<group>"; };
		3FD1ACBE1EC5AF6D008F66CB /* Dialogue.storyboard */ = {isa = PBXFileReference; fileEncoding = 4; lastKnownFileType = file.storyboard; name = Dialogue.storyboard; path = ProjetImerirApp/Dialogue.storyboard; sourceTree = "<group>"; };
		3FD1ACBF1EC5AF6D008F66CB /* Base */ = {isa = PBXFileReference; lastKnownFileType = file.storyboard; name = Base; path = Base.lproj/ArcadeCookie.storyboard; sourceTree = "<group>"; };
		3FD1ACC11EC5AF6D008F66CB /* Quiz.storyboard */ = {isa = PBXFileReference; fileEncoding = 4; lastKnownFileType = file.storyboard; name = Quiz.storyboard; path = ProjetImerirApp/Quiz.storyboard; sourceTree = "<group>"; };
		3FD1ACC21EC5AF6D008F66CB /* Base */ = {isa = PBXFileReference; lastKnownFileType = file.storyboard; name = Base; path = Base.lproj/LaunchScreen.storyboard; sourceTree = "<group>"; };
		3FD1ACC41EC5AF6D008F66CB /* Base */ = {isa = PBXFileReference; lastKnownFileType = file.storyboard; name = Base; path = Base.lproj/ChoiseClasse.storyboard; sourceTree = "<group>"; };
		3FD1ACC61EC5AF6D008F66CB /* HeaderView.xib */ = {isa = PBXFileReference; fileEncoding = 4; lastKnownFileType = file.xib; name = HeaderView.xib; path = ProjetImerirApp/HeaderView.xib; sourceTree = "<group>"; };
		3FD1ACC71EC5AF6D008F66CB /* ArcadeLabyrinthe.storyboard */ = {isa = PBXFileReference; fileEncoding = 4; lastKnownFileType = file.storyboard; name = ArcadeLabyrinthe.storyboard; path = ProjetImerirApp/ArcadeLabyrinthe.storyboard; sourceTree = "<group>"; };
		3FD1ACC81EC5AF6D008F66CB /* GameOver.storyboard */ = {isa = PBXFileReference; fileEncoding = 4; lastKnownFileType = file.storyboard; name = GameOver.storyboard; path = ProjetImerirApp/GameOver.storyboard; sourceTree = "<group>"; };
		3FD1ACC91EC5AF6D008F66CB /* GamesRules.xib */ = {isa = PBXFileReference; fileEncoding = 4; lastKnownFileType = file.xib; name = GamesRules.xib; path = ProjetImerirApp/GamesRules.xib; sourceTree = "<group>"; };
		3FD1ACCA1EC5AF6D008F66CB /* Parametres.storyboard */ = {isa = PBXFileReference; fileEncoding = 4; lastKnownFileType = file.storyboard; name = Parametres.storyboard; path = ProjetImerirApp/Parametres.storyboard; sourceTree = "<group>"; };
		3FD1ACCC1EC5AF6D008F66CB /* Bonus.swift */ = {isa = PBXFileReference; fileEncoding = 4; lastKnownFileType = sourcecode.swift; path = Bonus.swift; sourceTree = "<group>"; };
		3FD1ACCD1EC5AF6D008F66CB /* FreezeTime.swift */ = {isa = PBXFileReference; fileEncoding = 4; lastKnownFileType = sourcecode.swift; path = FreezeTime.swift; sourceTree = "<group>"; };
		3FD1ACCE1EC5AF6D008F66CB /* FreezeObjects.swift */ = {isa = PBXFileReference; fileEncoding = 4; lastKnownFileType = sourcecode.swift; path = FreezeObjects.swift; sourceTree = "<group>"; };
		3FD1ACCF1EC5AF6D008F66CB /* SlowTime.swift */ = {isa = PBXFileReference; fileEncoding = 4; lastKnownFileType = sourcecode.swift; path = SlowTime.swift; sourceTree = "<group>"; };
		3FD1ACD01EC5AF6D008F66CB /* ScoreUp.swift */ = {isa = PBXFileReference; fileEncoding = 4; lastKnownFileType = sourcecode.swift; path = ScoreUp.swift; sourceTree = "<group>"; };
		3FD1ACD11EC5AF6D008F66CB /* ScoreDown.swift */ = {isa = PBXFileReference; fileEncoding = 4; lastKnownFileType = sourcecode.swift; path = ScoreDown.swift; sourceTree = "<group>"; };
		3FD1ACD21EC5AF6D008F66CB /* SomeHelp.swift */ = {isa = PBXFileReference; fileEncoding = 4; lastKnownFileType = sourcecode.swift; path = SomeHelp.swift; sourceTree = "<group>"; };
		3FD1ACD41EC5AF6D008F66CB /* RangementViewController.swift */ = {isa = PBXFileReference; fileEncoding = 4; lastKnownFileType = sourcecode.swift; lineEnding = 0; path = RangementViewController.swift; sourceTree = "<group>"; xcLanguageSpecificationIdentifier = xcode.lang.swift; };
		3FD1ACD51EC5AF6D008F66CB /* RangementView.swift */ = {isa = PBXFileReference; fileEncoding = 4; lastKnownFileType = sourcecode.swift; path = RangementView.swift; sourceTree = "<group>"; };
		3FD1ACD61EC5AF6D008F66CB /* Objet.swift */ = {isa = PBXFileReference; fileEncoding = 4; lastKnownFileType = sourcecode.swift; path = Objet.swift; sourceTree = "<group>"; };
		3FD1ACD71EC5AF6D008F66CB /* ContentRangementViewController.swift */ = {isa = PBXFileReference; fileEncoding = 4; lastKnownFileType = sourcecode.swift; path = ContentRangementViewController.swift; sourceTree = "<group>"; };
		3FD1ACD91EC5AF6D008F66CB /* ProfilJoueur.swift */ = {isa = PBXFileReference; fileEncoding = 4; lastKnownFileType = sourcecode.swift; path = ProfilJoueur.swift; sourceTree = "<group>"; };
		3FD1ACDB1EC5AF6D008F66CB /* DesignableView.swift */ = {isa = PBXFileReference; fileEncoding = 4; lastKnownFileType = sourcecode.swift; path = DesignableView.swift; sourceTree = "<group>"; };
		3FD1ACDC1EC5AF6D008F66CB /* DesignableButton.swift */ = {isa = PBXFileReference; fileEncoding = 4; lastKnownFileType = sourcecode.swift; path = DesignableButton.swift; sourceTree = "<group>"; };
		3FD1ACDD1EC5AF6D008F66CB /* DesignableLabel.swift */ = {isa = PBXFileReference; fileEncoding = 4; lastKnownFileType = sourcecode.swift; path = DesignableLabel.swift; sourceTree = "<group>"; };
		3FD1ACDE1EC5AF6D008F66CB /* HeaderView.swift */ = {isa = PBXFileReference; fileEncoding = 4; lastKnownFileType = sourcecode.swift; path = HeaderView.swift; sourceTree = "<group>"; };
		3FD1ACDF1EC5AF6D008F66CB /* GamesRulesView.swift */ = {isa = PBXFileReference; fileEncoding = 4; lastKnownFileType = sourcecode.swift; path = GamesRulesView.swift; sourceTree = "<group>"; };
		3FD1ACE11EC5AF6D008F66CB /* ClasseJoueur.json */ = {isa = PBXFileReference; fileEncoding = 4; lastKnownFileType = text.json; path = ClasseJoueur.json; sourceTree = "<group>"; };
		3FD1ACE21EC5AF6D008F66CB /* QuestionsImerirApp.json */ = {isa = PBXFileReference; fileEncoding = 4; lastKnownFileType = text.json; path = QuestionsImerirApp.json; sourceTree = "<group>"; };
		3FD1ACE31EC5AF6D008F66CB /* Credit.json */ = {isa = PBXFileReference; fileEncoding = 4; lastKnownFileType = text.json; path = Credit.json; sourceTree = "<group>"; };
		3FD1ACE41EC5AF6D008F66CB /* Dialogue.json */ = {isa = PBXFileReference; fileEncoding = 4; lastKnownFileType = text.json; path = Dialogue.json; sourceTree = "<group>"; };
		3FD1ACE61EC5AF6D008F66CB /* Lab4voies.gif */ = {isa = PBXFileReference; lastKnownFileType = image.gif; path = Lab4voies.gif; sourceTree = "<group>"; };
		3FD1ACE71EC5AF6D008F66CB /* LabGaucheDroite.gif */ = {isa = PBXFileReference; lastKnownFileType = image.gif; path = LabGaucheDroite.gif; sourceTree = "<group>"; };
		3FD1ACE81EC5AF6D008F66CB /* BeteGrise.gif */ = {isa = PBXFileReference; lastKnownFileType = image.gif; path = BeteGrise.gif; sourceTree = "<group>"; };
		3FD1ACE91EC5AF6D008F66CB /* BeteVerte.gif */ = {isa = PBXFileReference; lastKnownFileType = image.gif; path = BeteVerte.gif; sourceTree = "<group>"; };
		3FD1ACEA1EC5AF6D008F66CB /* BeteRouge.gif */ = {isa = PBXFileReference; lastKnownFileType = image.gif; path = BeteRouge.gif; sourceTree = "<group>"; };
		3FD1ACEB1EC5AF6D008F66CB /* Potion.gif */ = {isa = PBXFileReference; lastKnownFileType = image.gif; path = Potion.gif; sourceTree = "<group>"; };
		3FD1ACEC1EC5AF6D008F66CB /* Piege.gif */ = {isa = PBXFileReference; lastKnownFileType = image.gif; path = Piege.gif; sourceTree = "<group>"; };
		3FD1ACED1EC5AF6D008F66CB /* LabCulDeSac.gif */ = {isa = PBXFileReference; lastKnownFileType = image.gif; path = LabCulDeSac.gif; sourceTree = "<group>"; };
		3FD1ACEE1EC5AF6D008F66CB /* LabDroite.gif */ = {isa = PBXFileReference; lastKnownFileType = image.gif; path = LabDroite.gif; sourceTree = "<group>"; };
		3FD1ACEF1EC5AF6D008F66CB /* LabFace.gif */ = {isa = PBXFileReference; lastKnownFileType = image.gif; path = LabFace.gif; sourceTree = "<group>"; };
		3FD1ACF01EC5AF6D008F66CB /* LabFaceDroite.gif */ = {isa = PBXFileReference; lastKnownFileType = image.gif; path = LabFaceDroite.gif; sourceTree = "<group>"; };
		3FD1ACF11EC5AF6D008F66CB /* LabFaceGauche.gif */ = {isa = PBXFileReference; lastKnownFileType = image.gif; path = LabFaceGauche.gif; sourceTree = "<group>"; };
		3FD1ACF21EC5AF6D008F66CB /* LabGauche.gif */ = {isa = PBXFileReference; lastKnownFileType = image.gif; path = LabGauche.gif; sourceTree = "<group>"; };
		3FD1ACF31EC5AF6D008F66CB /* LabSortie.gif */ = {isa = PBXFileReference; lastKnownFileType = image.gif; path = LabSortie.gif; sourceTree = "<group>"; };
		3FD1ACF41EC5AF6D008F66CB /* Silhouette.gif */ = {isa = PBXFileReference; lastKnownFileType = image.gif; path = Silhouette.gif; sourceTree = "<group>"; };
		3FD1ACF51EC5AF6D008F66CB /* Maman.gif */ = {isa = PBXFileReference; lastKnownFileType = image.gif; path = Maman.gif; sourceTree = "<group>"; };
		3FD1ACF61EC5AF6D008F66CB /* ChambreAdo.gif */ = {isa = PBXFileReference; lastKnownFileType = image.gif; path = ChambreAdo.gif; sourceTree = "<group>"; };
		3FD1ACF71EC5AF6D008F66CB /* Reveil.gif */ = {isa = PBXFileReference; lastKnownFileType = image.gif; path = Reveil.gif; sourceTree = "<group>"; };
		3FD1ACF81EC5AF6D008F66CB /* BackgroundDirecteur.gif */ = {isa = PBXFileReference; lastKnownFileType = image.gif; path = BackgroundDirecteur.gif; sourceTree = "<group>"; };
		3FD1ACF91EC5AF6D008F66CB /* BackgroundMartien.gif */ = {isa = PBXFileReference; lastKnownFileType = image.gif; path = BackgroundMartien.gif; sourceTree = "<group>"; };
		3FD1ACFA1EC5AF6D008F66CB /* Directeur.gif */ = {isa = PBXFileReference; lastKnownFileType = image.gif; path = Directeur.gif; sourceTree = "<group>"; };
		3FD1ACFB1EC5AF6D008F66CB /* Martien1.gif */ = {isa = PBXFileReference; lastKnownFileType = image.gif; path = Martien1.gif; sourceTree = "<group>"; };
		3FD1ACFC1EC5AF6D008F66CB /* Martien2.gif */ = {isa = PBXFileReference; lastKnownFileType = image.gif; path = Martien2.gif; sourceTree = "<group>"; };
		3FD1ACFD1EC5AF6D008F66CB /* SalleDeClasse.gif */ = {isa = PBXFileReference; lastKnownFileType = image.gif; path = SalleDeClasse.gif; sourceTree = "<group>"; };
		3FD1ACFE1EC5AF6D008F66CB /* SalleDirecteur.gif */ = {isa = PBXFileReference; lastKnownFileType = image.gif; path = SalleDirecteur.gif; sourceTree = "<group>"; };
		3FD1AD001EC5AF6D008F66CB /* AppDelegate.swift */ = {isa = PBXFileReference; fileEncoding = 4; lastKnownFileType = sourcecode.swift; path = AppDelegate.swift; sourceTree = "<group>"; };
		3FD1AD011EC5AF6D008F66CB /* Assets.xcassets */ = {isa = PBXFileReference; lastKnownFileType = folder.assetcatalog; path = Assets.xcassets; sourceTree = "<group>"; };
		3FD1AD021EC5AF6D008F66CB /* Info.plist */ = {isa = PBXFileReference; fileEncoding = 4; lastKnownFileType = text.plist.xml; path = Info.plist; sourceTree = "<group>"; };
		3FD1AD031EC5AF6D008F66CB /* SwiftyJSON.swift */ = {isa = PBXFileReference; fileEncoding = 4; lastKnownFileType = sourcecode.swift; path = SwiftyJSON.swift; sourceTree = "<group>"; };
		3FD1AD041EC5AF6D008F66CB /* BuildElementApp.swift */ = {isa = PBXFileReference; fileEncoding = 4; lastKnownFileType = sourcecode.swift; path = BuildElementApp.swift; sourceTree = "<group>"; };
		3FD1AD051EC5AF6D008F66CB /* OutletExtension.swift */ = {isa = PBXFileReference; fileEncoding = 4; lastKnownFileType = sourcecode.swift; path = OutletExtension.swift; sourceTree = "<group>"; };
		3FD6B7A01ECF548800495579 /* ContentBacViewController.swift */ = {isa = PBXFileReference; fileEncoding = 4; lastKnownFileType = sourcecode.swift; path = ContentBacViewController.swift; sourceTree = "<group>"; };
		3FED6BB81ED9D1FB00672CDE /* MonstreTaped.mp3 */ = {isa = PBXFileReference; lastKnownFileType = audio.mp3; path = MonstreTaped.mp3; sourceTree = "<group>"; };
		3FEDCED51EC9521500491CAD /* Spaceship.swift */ = {isa = PBXFileReference; fileEncoding = 4; lastKnownFileType = sourcecode.swift; path = Spaceship.swift; sourceTree = "<group>"; };
		3FF144141EC9E8A400B1567E /* Steamtech.mp3 */ = {isa = PBXFileReference; lastKnownFileType = audio.mp3; path = Steamtech.mp3; sourceTree = "<group>"; };
		3FF144231ECAF8EC00B1567E /* Explosion.mp3 */ = {isa = PBXFileReference; lastKnownFileType = audio.mp3; path = Explosion.mp3; sourceTree = "<group>"; };
		3FF144241ECAF8EC00B1567E /* MonstreLow.mp3 */ = {isa = PBXFileReference; lastKnownFileType = audio.mp3; path = MonstreLow.mp3; sourceTree = "<group>"; };
		3FF144251ECAF8EC00B1567E /* MonstresHigh.mp3 */ = {isa = PBXFileReference; lastKnownFileType = audio.mp3; path = MonstresHigh.mp3; sourceTree = "<group>"; };
		3FF144261ECAF8EC00B1567E /* Piege.mp3 */ = {isa = PBXFileReference; lastKnownFileType = audio.mp3; path = Piege.mp3; sourceTree = "<group>"; };
		3FF144271ECAF8EC00B1567E /* Potion.mp3 */ = {isa = PBXFileReference; lastKnownFileType = audio.mp3; path = Potion.mp3; sourceTree = "<group>"; };
		3FF144281ECAF8EC00B1567E /* Sortie.mp3 */ = {isa = PBXFileReference; lastKnownFileType = audio.mp3; path = Sortie.mp3; sourceTree = "<group>"; };
		3FF66F1B1ECB5A520042E99B /* Fantasy.mp3 */ = {isa = PBXFileReference; lastKnownFileType = audio.mp3; path = Fantasy.mp3; sourceTree = "<group>"; };
		3FF66F1F1ECC7E920042E99B /* StatsViewController.swift */ = {isa = PBXFileReference; fileEncoding = 4; lastKnownFileType = sourcecode.swift; path = StatsViewController.swift; sourceTree = "<group>"; };
		3FF66F211ECC7EAC0042E99B /* StatsTableViewCell.swift */ = {isa = PBXFileReference; fileEncoding = 4; lastKnownFileType = sourcecode.swift; path = StatsTableViewCell.swift; sourceTree = "<group>"; };
/* End PBXFileReference section */

/* Begin PBXFrameworksBuildPhase section */
		3F2844621E488E94001E8ED3 /* Frameworks */ = {
			isa = PBXFrameworksBuildPhase;
			buildActionMask = 2147483647;
			files = (
				3F07DE781EDDBFCD0050130F /* GameKit.framework in Frameworks */,
			);
			runOnlyForDeploymentPostprocessing = 0;
		};
		3F2844761E488E94001E8ED3 /* Frameworks */ = {
			isa = PBXFrameworksBuildPhase;
			buildActionMask = 2147483647;
			files = (
			);
			runOnlyForDeploymentPostprocessing = 0;
		};
/* End PBXFrameworksBuildPhase section */

/* Begin PBXGroup section */
		3F05B9201EDD5DD4002649AE /* Frameworks */ = {
			isa = PBXGroup;
			children = (
				3F07DE771EDDBFCD0050130F /* GameKit.framework */,
			);
			name = Frameworks;
			sourceTree = "<group>";
		};
		3F25E4CA1ECC810C009AAEEC /* ArcadeBac */ = {
			isa = PBXGroup;
			children = (
				3F25E4CB1ECC813A009AAEEC /* BacViewController.swift */,
				3F25E4CF1ECC90D5009AAEEC /* Fiche.swift */,
				3FD6B7A01ECF548800495579 /* ContentBacViewController.swift */,
			);
			name = ArcadeBac;
			sourceTree = "<group>";
		};
		3F28445C1E488E94001E8ED3 = {
			isa = PBXGroup;
			children = (
				3FD1AD061EC5AF6D008F66CB /* ProjetImerirApp */,
				3FD1AC8D1EC5AF60008F66CB /* Audio */,
				3F28447C1E488E94001E8ED3 /* ProjetImerirAppTests */,
				3F2844661E488E94001E8ED3 /* Products */,
				3F05B9201EDD5DD4002649AE /* Frameworks */,
			);
			sourceTree = "<group>";
		};
		3F2844661E488E94001E8ED3 /* Products */ = {
			isa = PBXGroup;
			children = (
				3F2844651E488E94001E8ED3 /* ProjetImerirApp.app */,
				3F2844791E488E94001E8ED3 /* ProjetImerirAppTests.xctest */,
			);
			name = Products;
			sourceTree = "<group>";
		};
		3F28447C1E488E94001E8ED3 /* ProjetImerirAppTests */ = {
			isa = PBXGroup;
			children = (
				3F28447D1E488E94001E8ED3 /* ProjetImerirAppTests.swift */,
				3F28447F1E488E94001E8ED3 /* Info.plist */,
			);
			path = ProjetImerirAppTests;
			sourceTree = "<group>";
		};
		3F659C7A1EC74CA700E64121 /* ArcadeConsole */ = {
			isa = PBXGroup;
			children = (
				3F659C7B1EC74CD500E64121 /* ConsoleViewController.swift */,
				3F659C971EC91BD200E64121 /* ContentConsoleViewController.swift */,
				3FEDCED51EC9521500491CAD /* Spaceship.swift */,
			);
			name = ArcadeConsole;
			sourceTree = "<group>";
		};
		3FD1AC7A1EC5AF60008F66CB /* Buitages */ = {
			isa = PBXGroup;
			children = (
				3FC57A7D1EDB2CF300F5A7E1 /* BolCereale.mp3 */,
				3FC57A7B1EDB2CED00F5A7E1 /* Fenetre.mp3 */,
				3FC57A791EDB2CE300F5A7E1 /* BoireCafe.mp3 */,
				3FD1AC751EC5AF60008F66CB /* Air.mp3 */,
				3FD1AC761EC5AF60008F66CB /* Bonus.mp3 */,
				3FD1AC771EC5AF60008F66CB /* Clik.mp3 */,
				3FD1AC781EC5AF60008F66CB /* ClikBad.mp3 */,
				3FD1AC791EC5AF60008F66CB /* ClikGood.mp3 */,
				3FF144231ECAF8EC00B1567E /* Explosion.mp3 */,
				3FF144241ECAF8EC00B1567E /* MonstreLow.mp3 */,
				3FF144251ECAF8EC00B1567E /* MonstresHigh.mp3 */,
				3FED6BB81ED9D1FB00672CDE /* MonstreTaped.mp3 */,
				3FF144261ECAF8EC00B1567E /* Piege.mp3 */,
				3FF144271ECAF8EC00B1567E /* Potion.mp3 */,
				3FF144281ECAF8EC00B1567E /* Sortie.mp3 */,
			);
			name = Buitages;
			sourceTree = "<group>";
		};
		3FD1AC8C1EC5AF60008F66CB /* Backgrounds */ = {
			isa = PBXGroup;
			children = (
				3FD1AC7B1EC5AF60008F66CB /* Bedtime.mp3 */,
				3FD1AC7C1EC5AF60008F66CB /* BlueRidge.mp3 */,
				3FD1AC7D1EC5AF60008F66CB /* Bog.mp3 */,
				3FD1AC801EC5AF60008F66CB /* LostJungle.mp3 */,
				3FD1AC811EC5AF60008F66CB /* MistyBog.mp3 */,
				3FD1AC821EC5AF60008F66CB /* DownDraft.mp3 */,
				3FF66F1B1ECB5A520042E99B /* Fantasy.mp3 */,
				3FD1AC831EC5AF60008F66CB /* MadScientist.mp3 */,
				3FD1AC841EC5AF60008F66CB /* Moonlit.mp3 */,
				3FD1AC851EC5AF60008F66CB /* PuzzleGame.mp3 */,
				3FF144141EC9E8A400B1567E /* Steamtech.mp3 */,
				3FD1AC861EC5AF60008F66CB /* SodiumVapor.mp3 */,
				3FD1AC871EC5AF60008F66CB /* SomeDreamy.mp3 */,
				3FD1AC881EC5AF60008F66CB /* SurrealChase.mp3 */,
				3FD1AC891EC5AF60008F66CB /* TheDarkness.mp3 */,
				3FD1AC8A1EC5AF60008F66CB /* TheyreClosing.mp3 */,
				3FD1AC8B1EC5AF60008F66CB /* Mountainside.mp3 */,
			);
			name = Backgrounds;
			sourceTree = "<group>";
		};
		3FD1AC8D1EC5AF60008F66CB /* Audio */ = {
			isa = PBXGroup;
			children = (
				3FD1AC7A1EC5AF60008F66CB /* Buitages */,
				3FD1AC8C1EC5AF60008F66CB /* Backgrounds */,
			);
			name = Audio;
			path = ProjetImerirApp;
			sourceTree = "<group>";
		};
		3FD1ACAB1EC5AF6D008F66CB /* ArcadeLabyrinthe */ = {
			isa = PBXGroup;
			children = (
				3FD1ACA41EC5AF6D008F66CB /* LabyrintheViewController.swift */,
				3FD1ACA51EC5AF6D008F66CB /* Maze.swift */,
				3FD1ACA61EC5AF6D008F66CB /* MazePlayer.swift */,
				3FD1ACA71EC5AF6D008F66CB /* Potion.swift */,
				3FD1ACA81EC5AF6D008F66CB /* Room.swift */,
				3FD1ACA91EC5AF6D008F66CB /* StrangeBat.swift */,
				3FD1ACAA1EC5AF6D008F66CB /* ContentLabyrintheViewController.swift */,
			);
			name = ArcadeLabyrinthe;
			sourceTree = "<group>";
		};
		3FD1ACAE1EC5AF6D008F66CB /* ArcadeCookie */ = {
			isa = PBXGroup;
			children = (
				3FD1ACAC1EC5AF6D008F66CB /* ContentCookieViewController.swift */,
				3FD1ACAD1EC5AF6D008F66CB /* CookieViewController.swift */,
			);
			name = ArcadeCookie;
			sourceTree = "<group>";
		};
		3FD1ACB91EC5AF6D008F66CB /* ViewController */ = {
			isa = PBXGroup;
			children = (
				3FD1ACAF1EC5AF6D008F66CB /* InitViewController.swift */,
				3FD1ACB01EC5AF6D008F66CB /* NameModalViewController.swift */,
				3FD1ACB11EC5AF6D008F66CB /* DialogueViewController.swift */,
				3FD1ACB21EC5AF6D008F66CB /* ChoiceClasseViewController.swift */,
				3FD1ACB31EC5AF6D008F66CB /* ClasseTableViewCell.swift */,
				3FD1ACB41EC5AF6D008F66CB /* ClasseModalViewController.swift */,
				3FD1ACB51EC5AF6D008F66CB /* QuestionViewController.swift */,
				3FD1ACB61EC5AF6D008F66CB /* GameOverViewController.swift */,
				3FD1ACB71EC5AF6D008F66CB /* ParametresViewController.swift */,
				3FD1ACB81EC5AF6D008F66CB /* CreditViewController.swift */,
				3FF66F1F1ECC7E920042E99B /* StatsViewController.swift */,
				3FF66F211ECC7EAC0042E99B /* StatsTableViewCell.swift */,
				3F05B9231EDD6AC6002649AE /* EmbedViewController.swift */,
				3F6272F31EE2DD390098BDD5 /* MenuViewController.swift */,
			);
			name = ViewController;
			sourceTree = "<group>";
		};
		3FD1ACCB1EC5AF6D008F66CB /* Storyboard/Xib */ = {
			isa = PBXGroup;
			children = (
				3FD1ACBB1EC5AF6D008F66CB /* Main.storyboard */,
				3FD1ACBD1EC5AF6D008F66CB /* ArcadeRangement.storyboard */,
				3FD1ACBE1EC5AF6D008F66CB /* Dialogue.storyboard */,
				3FD1ACC01EC5AF6D008F66CB /* ArcadeCookie.storyboard */,
				3FD1ACC11EC5AF6D008F66CB /* Quiz.storyboard */,
				3FD1ACC31EC5AF6D008F66CB /* LaunchScreen.storyboard */,
				3FD1ACC51EC5AF6D008F66CB /* ChoiseClasse.storyboard */,
				3FD1ACC61EC5AF6D008F66CB /* HeaderView.xib */,
				3FD1ACC71EC5AF6D008F66CB /* ArcadeLabyrinthe.storyboard */,
				3FD1ACC81EC5AF6D008F66CB /* GameOver.storyboard */,
				3FD1ACC91EC5AF6D008F66CB /* GamesRules.xib */,
				3FD1ACCA1EC5AF6D008F66CB /* Parametres.storyboard */,
				3F659C741EC73ACC00E64121 /* ArcadeConsole.storyboard */,
				3F25E4C81ECC7FE9009AAEEC /* ArcadeBac.storyboard */,
				3F9BE7201ED9C71B00F67C75 /* FicheView.xib */,
			);
			name = Storyboard/Xib;
			path = ..;
			sourceTree = "<group>";
		};
		3FD1ACD31EC5AF6D008F66CB /* Bonus */ = {
			isa = PBXGroup;
			children = (
				3FD1ACCC1EC5AF6D008F66CB /* Bonus.swift */,
				3FD1ACCD1EC5AF6D008F66CB /* FreezeTime.swift */,
				3FD1ACCE1EC5AF6D008F66CB /* FreezeObjects.swift */,
				3FD1ACCF1EC5AF6D008F66CB /* SlowTime.swift */,
				3FD1ACD01EC5AF6D008F66CB /* ScoreUp.swift */,
				3FD1ACD11EC5AF6D008F66CB /* ScoreDown.swift */,
				3FD1ACD21EC5AF6D008F66CB /* SomeHelp.swift */,
			);
			name = Bonus;
			sourceTree = "<group>";
		};
		3FD1ACD81EC5AF6D008F66CB /* ArcadeRangement */ = {
			isa = PBXGroup;
			children = (
				3FD1ACD31EC5AF6D008F66CB /* Bonus */,
				3FD1ACD41EC5AF6D008F66CB /* RangementViewController.swift */,
				3FD1ACD51EC5AF6D008F66CB /* RangementView.swift */,
				3FD1ACD61EC5AF6D008F66CB /* Objet.swift */,
				3FD1ACD71EC5AF6D008F66CB /* ContentRangementViewController.swift */,
			);
			name = ArcadeRangement;
			sourceTree = "<group>";
		};
		3FD1ACDA1EC5AF6D008F66CB /* Classe */ = {
			isa = PBXGroup;
			children = (
				3FD1ACD91EC5AF6D008F66CB /* ProfilJoueur.swift */,
			);
			name = Classe;
			sourceTree = "<group>";
		};
		3FD1ACE01EC5AF6D008F66CB /* IBDesignable */ = {
			isa = PBXGroup;
			children = (
				3FD1ACDB1EC5AF6D008F66CB /* DesignableView.swift */,
				3FD1ACDC1EC5AF6D008F66CB /* DesignableButton.swift */,
				3FD1ACDD1EC5AF6D008F66CB /* DesignableLabel.swift */,
				3FD1ACDE1EC5AF6D008F66CB /* HeaderView.swift */,
				3FD1ACDF1EC5AF6D008F66CB /* GamesRulesView.swift */,
				3F8E113D1ED5BD91004EC072 /* RulesPageViewController.swift */,
				3FBBB97E1EE0378000EEDCAB /* DesignableTextField.swift */,
			);
			name = IBDesignable;
			sourceTree = "<group>";
		};
		3FD1ACE51EC5AF6D008F66CB /* Json */ = {
			isa = PBXGroup;
			children = (
				3FD1ACE11EC5AF6D008F66CB /* ClasseJoueur.json */,
				3FD1ACE21EC5AF6D008F66CB /* QuestionsImerirApp.json */,
				3FD1ACE31EC5AF6D008F66CB /* Credit.json */,
				3FD1ACE41EC5AF6D008F66CB /* Dialogue.json */,
			);
			name = Json;
			sourceTree = "<group>";
		};
		3FD1ACFF1EC5AF6D008F66CB /* Picture/gif */ = {
			isa = PBXGroup;
			children = (
				3F659C991EC925CA00E64121 /* SpaceBonusHD.gif */,
				3F659C951EC8D64500E64121 /* SpaceBomb.gif */,
				3F659C931EC8D5D000E64121 /* SpaceBackground.gif */,
				3F659C8F1EC8C8DB00E64121 /* SpaceBonus.gif */,
				3F659C891EC7C5AD00E64121 /* SpaceHeal.gif */,
				3F659C871EC789A900E64121 /* Explosion.gif */,
				3F659C781EC74C3600E64121 /* AlienMissile.gif */,
				3FD1ACE61EC5AF6D008F66CB /* Lab4voies.gif */,
				3FD1ACE71EC5AF6D008F66CB /* LabGaucheDroite.gif */,
				3FD1ACE81EC5AF6D008F66CB /* BeteGrise.gif */,
				3FD1ACE91EC5AF6D008F66CB /* BeteVerte.gif */,
				3FD1ACEA1EC5AF6D008F66CB /* BeteRouge.gif */,
				3FD1ACEB1EC5AF6D008F66CB /* Potion.gif */,
				3FD1ACEC1EC5AF6D008F66CB /* Piege.gif */,
				3FD1ACED1EC5AF6D008F66CB /* LabCulDeSac.gif */,
				3FD1ACEE1EC5AF6D008F66CB /* LabDroite.gif */,
				3FD1ACEF1EC5AF6D008F66CB /* LabFace.gif */,
				3FD1ACF01EC5AF6D008F66CB /* LabFaceDroite.gif */,
				3FD1ACF11EC5AF6D008F66CB /* LabFaceGauche.gif */,
				3FD1ACF21EC5AF6D008F66CB /* LabGauche.gif */,
				3FD1ACF31EC5AF6D008F66CB /* LabSortie.gif */,
				3FD1ACF41EC5AF6D008F66CB /* Silhouette.gif */,
				3FD1ACF51EC5AF6D008F66CB /* Maman.gif */,
				3FD1ACF61EC5AF6D008F66CB /* ChambreAdo.gif */,
				3FD1ACF71EC5AF6D008F66CB /* Reveil.gif */,
				3FD1ACF81EC5AF6D008F66CB /* BackgroundDirecteur.gif */,
				3FD1ACF91EC5AF6D008F66CB /* BackgroundMartien.gif */,
				3FD1ACFA1EC5AF6D008F66CB /* Directeur.gif */,
				3FD1ACFB1EC5AF6D008F66CB /* Martien1.gif */,
				3FD1ACFC1EC5AF6D008F66CB /* Martien2.gif */,
				3FD1ACFD1EC5AF6D008F66CB /* SalleDeClasse.gif */,
				3FD1ACFE1EC5AF6D008F66CB /* SalleDirecteur.gif */,
			);
			name = Picture/gif;
			sourceTree = "<group>";
		};
		3FD1AD061EC5AF6D008F66CB /* ProjetImerirApp */ = {
			isa = PBXGroup;
			children = (
				3F25E4CA1ECC810C009AAEEC /* ArcadeBac */,
				3F659C7A1EC74CA700E64121 /* ArcadeConsole */,
				3FD1ACAB1EC5AF6D008F66CB /* ArcadeLabyrinthe */,
				3FD1ACAE1EC5AF6D008F66CB /* ArcadeCookie */,
				3FD1ACB91EC5AF6D008F66CB /* ViewController */,
				3FD1ACCB1EC5AF6D008F66CB /* Storyboard/Xib */,
				3FD1ACD81EC5AF6D008F66CB /* ArcadeRangement */,
				3FD1ACDA1EC5AF6D008F66CB /* Classe */,
				3FD1ACE01EC5AF6D008F66CB /* IBDesignable */,
				3FD1ACE51EC5AF6D008F66CB /* Json */,
				3FD1ACFF1EC5AF6D008F66CB /* Picture/gif */,
				3FD1AD001EC5AF6D008F66CB /* AppDelegate.swift */,
				3FD1AD011EC5AF6D008F66CB /* Assets.xcassets */,
				3FD1AD021EC5AF6D008F66CB /* Info.plist */,
				3FD1AD031EC5AF6D008F66CB /* SwiftyJSON.swift */,
				3FD1AD041EC5AF6D008F66CB /* BuildElementApp.swift */,
				3FD1AD051EC5AF6D008F66CB /* OutletExtension.swift */,
			);
			path = ProjetImerirApp;
			sourceTree = "<group>";
		};
/* End PBXGroup section */

/* Begin PBXNativeTarget section */
		3F2844641E488E94001E8ED3 /* ProjetImerirApp */ = {
			isa = PBXNativeTarget;
			buildConfigurationList = 3F2844821E488E94001E8ED3 /* Build configuration list for PBXNativeTarget "ProjetImerirApp" */;
			buildPhases = (
				3F2844611E488E94001E8ED3 /* Sources */,
				3F2844621E488E94001E8ED3 /* Frameworks */,
				3F2844631E488E94001E8ED3 /* Resources */,
			);
			buildRules = (
			);
			dependencies = (
			);
			name = ProjetImerirApp;
			productName = ProjetImerirApp;
			productReference = 3F2844651E488E94001E8ED3 /* ProjetImerirApp.app */;
			productType = "com.apple.product-type.application";
		};
		3F2844781E488E94001E8ED3 /* ProjetImerirAppTests */ = {
			isa = PBXNativeTarget;
			buildConfigurationList = 3F2844851E488E94001E8ED3 /* Build configuration list for PBXNativeTarget "ProjetImerirAppTests" */;
			buildPhases = (
				3F2844751E488E94001E8ED3 /* Sources */,
				3F2844761E488E94001E8ED3 /* Frameworks */,
				3F2844771E488E94001E8ED3 /* Resources */,
			);
			buildRules = (
			);
			dependencies = (
				3F28447B1E488E94001E8ED3 /* PBXTargetDependency */,
			);
			name = ProjetImerirAppTests;
			productName = ProjetImerirAppTests;
			productReference = 3F2844791E488E94001E8ED3 /* ProjetImerirAppTests.xctest */;
			productType = "com.apple.product-type.bundle.unit-test";
		};
/* End PBXNativeTarget section */

/* Begin PBXProject section */
		3F28445D1E488E94001E8ED3 /* Project object */ = {
			isa = PBXProject;
			attributes = {
				LastSwiftUpdateCheck = 0820;
				LastUpgradeCheck = 0830;
				ORGANIZATIONNAME = Student;
				TargetAttributes = {
					3F2844641E488E94001E8ED3 = {
						CreatedOnToolsVersion = 8.2.1;
						DevelopmentTeam = 8QBTLLQW94;
						ProvisioningStyle = Automatic;
						SystemCapabilities = {
							com.apple.GameCenter = {
								enabled = 1;
							};
						};
					};
					3F2844781E488E94001E8ED3 = {
						CreatedOnToolsVersion = 8.2.1;
						DevelopmentTeam = 56URF3SB4V;
						ProvisioningStyle = Automatic;
						TestTargetID = 3F2844641E488E94001E8ED3;
					};
				};
			};
			buildConfigurationList = 3F2844601E488E94001E8ED3 /* Build configuration list for PBXProject "ProjetImerirApp" */;
			compatibilityVersion = "Xcode 3.2";
			developmentRegion = English;
			hasScannedForEncodings = 0;
			knownRegions = (
				en,
				Base,
			);
			mainGroup = 3F28445C1E488E94001E8ED3;
			productRefGroup = 3F2844661E488E94001E8ED3 /* Products */;
			projectDirPath = "";
			projectRoot = "";
			targets = (
				3F2844641E488E94001E8ED3 /* ProjetImerirApp */,
				3F2844781E488E94001E8ED3 /* ProjetImerirAppTests */,
			);
		};
/* End PBXProject section */

/* Begin PBXResourcesBuildPhase section */
		3F2844631E488E94001E8ED3 /* Resources */ = {
			isa = PBXResourcesBuildPhase;
			buildActionMask = 2147483647;
			files = (
				3FD1AD3D1EC5AF6D008F66CB /* BeteGrise.gif in Resources */,
				3FD1AD511EC5AF6D008F66CB /* Martien2.gif in Resources */,
				3FD1AD231EC5AF6D008F66CB /* GameOver.storyboard in Resources */,
				3FD1AC9D1EC5AF60008F66CB /* PuzzleGame.mp3 in Resources */,
				3FD1AD411EC5AF6D008F66CB /* Piege.gif in Resources */,
				3FD1AD431EC5AF6D008F66CB /* LabDroite.gif in Resources */,
				3FD1AD491EC5AF6D008F66CB /* Silhouette.gif in Resources */,
				3FD1ACA11EC5AF60008F66CB /* TheDarkness.mp3 in Resources */,
				3FF1442E1ECAF8EC00B1567E /* Sortie.mp3 in Resources */,
				3FC57A7A1EDB2CE300F5A7E1 /* BoireCafe.mp3 in Resources */,
				3FC57A7E1EDB2CF300F5A7E1 /* BolCereale.mp3 in Resources */,
				3FD1AD1B1EC5AF6D008F66CB /* ArcadeRangement.storyboard in Resources */,
				3FD1AD1C1EC5AF6D008F66CB /* Dialogue.storyboard in Resources */,
				3FF1442A1ECAF8EC00B1567E /* MonstreLow.mp3 in Resources */,
				3FED6BB91ED9D1FB00672CDE /* MonstreTaped.mp3 in Resources */,
				3FD1AC9E1EC5AF60008F66CB /* SodiumVapor.mp3 in Resources */,
				3FD1AD1E1EC5AF6D008F66CB /* Quiz.storyboard in Resources */,
				3FD1AD3A1EC5AF6D008F66CB /* Dialogue.json in Resources */,
				3FF144151EC9E8A400B1567E /* Steamtech.mp3 in Resources */,
				3FD1AC9B1EC5AF60008F66CB /* MadScientist.mp3 in Resources */,
				3FD1AC991EC5AF60008F66CB /* MistyBog.mp3 in Resources */,
				3F25E4C91ECC7FE9009AAEEC /* ArcadeBac.storyboard in Resources */,
				3F659C901EC8C8DB00E64121 /* SpaceBonus.gif in Resources */,
				3F659C791EC74C3600E64121 /* AlienMissile.gif in Resources */,
				3FD1AD451EC5AF6D008F66CB /* LabFaceDroite.gif in Resources */,
				3FD1AD441EC5AF6D008F66CB /* LabFace.gif in Resources */,
				3FD1AD3C1EC5AF6D008F66CB /* LabGaucheDroite.gif in Resources */,
				3FD1AD531EC5AF6D008F66CB /* SalleDirecteur.gif in Resources */,
				3FD1AD4E1EC5AF6D008F66CB /* BackgroundMartien.gif in Resources */,
				3FC57A7C1EDB2CED00F5A7E1 /* Fenetre.mp3 in Resources */,
				3FD1AC981EC5AF60008F66CB /* LostJungle.mp3 in Resources */,
				3FD1ACA01EC5AF60008F66CB /* SurrealChase.mp3 in Resources */,
				3FD1AC901EC5AF60008F66CB /* Clik.mp3 in Resources */,
				3FF144291ECAF8EC00B1567E /* Explosion.mp3 in Resources */,
				3FD1AC931EC5AF60008F66CB /* Bedtime.mp3 in Resources */,
				3FD1AD421EC5AF6D008F66CB /* LabCulDeSac.gif in Resources */,
				3FD1AD471EC5AF6D008F66CB /* LabGauche.gif in Resources */,
				3FD1AC9F1EC5AF60008F66CB /* SomeDreamy.mp3 in Resources */,
				3FD1AC921EC5AF60008F66CB /* ClikGood.mp3 in Resources */,
				3FD1AD1A1EC5AF6D008F66CB /* Main.storyboard in Resources */,
				3FD1AD551EC5AF6D008F66CB /* Assets.xcassets in Resources */,
				3FD1AD241EC5AF6D008F66CB /* GamesRules.xib in Resources */,
				3FD1AD521EC5AF6D008F66CB /* SalleDeClasse.gif in Resources */,
				3FD1AD3F1EC5AF6D008F66CB /* BeteRouge.gif in Resources */,
				3F659C9A1EC925CA00E64121 /* SpaceBonusHD.gif in Resources */,
				3FD1AD201EC5AF6D008F66CB /* ChoiseClasse.storyboard in Resources */,
				3FD1AC8F1EC5AF60008F66CB /* Bonus.mp3 in Resources */,
				3FF1442B1ECAF8EC00B1567E /* MonstresHigh.mp3 in Resources */,
				3FF1442C1ECAF8EC00B1567E /* Piege.mp3 in Resources */,
				3FD1AC9C1EC5AF60008F66CB /* Moonlit.mp3 in Resources */,
				3FD1AD391EC5AF6D008F66CB /* Credit.json in Resources */,
				3FD1AC9A1EC5AF60008F66CB /* DownDraft.mp3 in Resources */,
				3F659C751EC73ACC00E64121 /* ArcadeConsole.storyboard in Resources */,
				3FD1AD4B1EC5AF6D008F66CB /* ChambreAdo.gif in Resources */,
				3FD1AD1D1EC5AF6D008F66CB /* ArcadeCookie.storyboard in Resources */,
				3FD1AD221EC5AF6D008F66CB /* ArcadeLabyrinthe.storyboard in Resources */,
				3FD1AD211EC5AF6D008F66CB /* HeaderView.xib in Resources */,
				3FD1AC941EC5AF60008F66CB /* BlueRidge.mp3 in Resources */,
				3FD1AD371EC5AF6D008F66CB /* ClasseJoueur.json in Resources */,
				3FD1AD481EC5AF6D008F66CB /* LabSortie.gif in Resources */,
				3F659C881EC789A900E64121 /* Explosion.gif in Resources */,
				3F659C961EC8D64500E64121 /* SpaceBomb.gif in Resources */,
				3FD1AD3B1EC5AF6D008F66CB /* Lab4voies.gif in Resources */,
				3FD1AD251EC5AF6D008F66CB /* Parametres.storyboard in Resources */,
				3FD1AC951EC5AF60008F66CB /* Bog.mp3 in Resources */,
				3FF1442D1ECAF8EC00B1567E /* Potion.mp3 in Resources */,
				3FD1AD4A1EC5AF6D008F66CB /* Maman.gif in Resources */,
				3FD1ACA21EC5AF60008F66CB /* TheyreClosing.mp3 in Resources */,
				3FD1ACA31EC5AF60008F66CB /* Mountainside.mp3 in Resources */,
				3FD1AD461EC5AF6D008F66CB /* LabFaceGauche.gif in Resources */,
				3FD1AD501EC5AF6D008F66CB /* Martien1.gif in Resources */,
				3FD1AD4F1EC5AF6D008F66CB /* Directeur.gif in Resources */,
				3FD1AD1F1EC5AF6D008F66CB /* LaunchScreen.storyboard in Resources */,
				3FD1AC8E1EC5AF60008F66CB /* Air.mp3 in Resources */,
				3F659C8A1EC7C5AD00E64121 /* SpaceHeal.gif in Resources */,
				3F659C941EC8D5D000E64121 /* SpaceBackground.gif in Resources */,
				3FD1AD3E1EC5AF6D008F66CB /* BeteVerte.gif in Resources */,
				3F9BE7211ED9C71B00F67C75 /* FicheView.xib in Resources */,
				3FD1AC911EC5AF60008F66CB /* ClikBad.mp3 in Resources */,
				3FD1AD4C1EC5AF6D008F66CB /* Reveil.gif in Resources */,
				3FF66F1C1ECB5A520042E99B /* Fantasy.mp3 in Resources */,
				3FD1AD381EC5AF6D008F66CB /* QuestionsImerirApp.json in Resources */,
				3FD1AD401EC5AF6D008F66CB /* Potion.gif in Resources */,
				3FD1AD4D1EC5AF6D008F66CB /* BackgroundDirecteur.gif in Resources */,
			);
			runOnlyForDeploymentPostprocessing = 0;
		};
		3F2844771E488E94001E8ED3 /* Resources */ = {
			isa = PBXResourcesBuildPhase;
			buildActionMask = 2147483647;
			files = (
			);
			runOnlyForDeploymentPostprocessing = 0;
		};
/* End PBXResourcesBuildPhase section */

/* Begin PBXSourcesBuildPhase section */
		3F2844611E488E94001E8ED3 /* Sources */ = {
			isa = PBXSourcesBuildPhase;
			buildActionMask = 2147483647;
			files = (
				3FD1AD191EC5AF6D008F66CB /* CreditViewController.swift in Sources */,
				3FD1AD2A1EC5AF6D008F66CB /* ScoreUp.swift in Sources */,
				3FD1AD2E1EC5AF6D008F66CB /* RangementView.swift in Sources */,
				3FBBB97F1EE0378000EEDCAB /* DesignableTextField.swift in Sources */,
				3FD1AD261EC5AF6D008F66CB /* Bonus.swift in Sources */,
				3F05B9241EDD6AC6002649AE /* EmbedViewController.swift in Sources */,
				3F8E113E1ED5BD91004EC072 /* RulesPageViewController.swift in Sources */,
				3F6272F41EE2DD390098BDD5 /* MenuViewController.swift in Sources */,
				3FD1AD181EC5AF6D008F66CB /* ParametresViewController.swift in Sources */,
				3FD1AD2C1EC5AF6D008F66CB /* SomeHelp.swift in Sources */,
				3FD1AD0E1EC5AF6D008F66CB /* ContentCookieViewController.swift in Sources */,
				3FD1AD571EC5AF6D008F66CB /* SwiftyJSON.swift in Sources */,
				3FD1AD0A1EC5AF6D008F66CB /* Potion.swift in Sources */,
				3FD1AD141EC5AF6D008F66CB /* ClasseTableViewCell.swift in Sources */,
				3FEDCED61EC9521500491CAD /* Spaceship.swift in Sources */,
				3FD1AD101EC5AF6D008F66CB /* InitViewController.swift in Sources */,
				3FD1AD311EC5AF6D008F66CB /* ProfilJoueur.swift in Sources */,
				3FD1AD171EC5AF6D008F66CB /* GameOverViewController.swift in Sources */,
				3FD1AD081EC5AF6D008F66CB /* Maze.swift in Sources */,
				3FD1AD541EC5AF6D008F66CB /* AppDelegate.swift in Sources */,
				3FF66F221ECC7EAC0042E99B /* StatsTableViewCell.swift in Sources */,
				3FD1AD281EC5AF6D008F66CB /* FreezeObjects.swift in Sources */,
				3FD1AD2F1EC5AF6D008F66CB /* Objet.swift in Sources */,
				3FD1AD2D1EC5AF6D008F66CB /* RangementViewController.swift in Sources */,
				3FD1AD121EC5AF6D008F66CB /* DialogueViewController.swift in Sources */,
				3FD1AD0C1EC5AF6D008F66CB /* StrangeBat.swift in Sources */,
				3FD6B7A11ECF548800495579 /* ContentBacViewController.swift in Sources */,
				3F659C981EC91BD200E64121 /* ContentConsoleViewController.swift in Sources */,
				3F659C7C1EC74CD500E64121 /* ConsoleViewController.swift in Sources */,
				3FD1AD0D1EC5AF6D008F66CB /* ContentLabyrintheViewController.swift in Sources */,
				3FD1AD2B1EC5AF6D008F66CB /* ScoreDown.swift in Sources */,
				3FD1AD351EC5AF6D008F66CB /* HeaderView.swift in Sources */,
				3FD1AD0F1EC5AF6D008F66CB /* CookieViewController.swift in Sources */,
				3FD1AD111EC5AF6D008F66CB /* NameModalViewController.swift in Sources */,
				3FD1AD291EC5AF6D008F66CB /* SlowTime.swift in Sources */,
				3FD1AD271EC5AF6D008F66CB /* FreezeTime.swift in Sources */,
				3FD1AD321EC5AF6D008F66CB /* DesignableView.swift in Sources */,
				3F25E4CC1ECC813A009AAEEC /* BacViewController.swift in Sources */,
				3F25E4D01ECC90D5009AAEEC /* Fiche.swift in Sources */,
				3FD1AD131EC5AF6D008F66CB /* ChoiceClasseViewController.swift in Sources */,
				3FD1AD331EC5AF6D008F66CB /* DesignableButton.swift in Sources */,
				3FD1AD151EC5AF6D008F66CB /* ClasseModalViewController.swift in Sources */,
				3FF66F201ECC7E920042E99B /* StatsViewController.swift in Sources */,
				3FD1AD581EC5AF6D008F66CB /* BuildElementApp.swift in Sources */,
				3FD1AD091EC5AF6D008F66CB /* MazePlayer.swift in Sources */,
				3FD1AD071EC5AF6D008F66CB /* LabyrintheViewController.swift in Sources */,
				3FD1AD591EC5AF6D008F66CB /* OutletExtension.swift in Sources */,
				3FD1AD341EC5AF6D008F66CB /* DesignableLabel.swift in Sources */,
				3FD1AD161EC5AF6D008F66CB /* QuestionViewController.swift in Sources */,
				3FD1AD301EC5AF6D008F66CB /* ContentRangementViewController.swift in Sources */,
				3FD1AD361EC5AF6D008F66CB /* GamesRulesView.swift in Sources */,
				3FD1AD0B1EC5AF6D008F66CB /* Room.swift in Sources */,
			);
			runOnlyForDeploymentPostprocessing = 0;
		};
		3F2844751E488E94001E8ED3 /* Sources */ = {
			isa = PBXSourcesBuildPhase;
			buildActionMask = 2147483647;
			files = (
				3F28447E1E488E94001E8ED3 /* ProjetImerirAppTests.swift in Sources */,
			);
			runOnlyForDeploymentPostprocessing = 0;
		};
/* End PBXSourcesBuildPhase section */

/* Begin PBXTargetDependency section */
		3F28447B1E488E94001E8ED3 /* PBXTargetDependency */ = {
			isa = PBXTargetDependency;
			target = 3F2844641E488E94001E8ED3 /* ProjetImerirApp */;
			targetProxy = 3F28447A1E488E94001E8ED3 /* PBXContainerItemProxy */;
		};
/* End PBXTargetDependency section */

/* Begin PBXVariantGroup section */
		3FD1ACBB1EC5AF6D008F66CB /* Main.storyboard */ = {
			isa = PBXVariantGroup;
			children = (
				3FD1ACBA1EC5AF6D008F66CB /* Base */,
			);
			name = Main.storyboard;
			path = ProjetImerirApp;
			sourceTree = "<group>";
		};
		3FD1ACBD1EC5AF6D008F66CB /* ArcadeRangement.storyboard */ = {
			isa = PBXVariantGroup;
			children = (
				3FD1ACBC1EC5AF6D008F66CB /* Base */,
			);
			name = ArcadeRangement.storyboard;
			sourceTree = "<group>";
		};
		3FD1ACC01EC5AF6D008F66CB /* ArcadeCookie.storyboard */ = {
			isa = PBXVariantGroup;
			children = (
				3FD1ACBF1EC5AF6D008F66CB /* Base */,
			);
			name = ArcadeCookie.storyboard;
			path = ProjetImerirApp;
			sourceTree = "<group>";
		};
		3FD1ACC31EC5AF6D008F66CB /* LaunchScreen.storyboard */ = {
			isa = PBXVariantGroup;
			children = (
				3FD1ACC21EC5AF6D008F66CB /* Base */,
			);
			name = LaunchScreen.storyboard;
			path = ProjetImerirApp;
			sourceTree = "<group>";
		};
		3FD1ACC51EC5AF6D008F66CB /* ChoiseClasse.storyboard */ = {
			isa = PBXVariantGroup;
			children = (
				3FD1ACC41EC5AF6D008F66CB /* Base */,
			);
			name = ChoiseClasse.storyboard;
			path = ProjetImerirApp;
			sourceTree = "<group>";
		};
/* End PBXVariantGroup section */

/* Begin XCBuildConfiguration section */
		3F2844801E488E94001E8ED3 /* Debug */ = {
			isa = XCBuildConfiguration;
			buildSettings = {
				ALWAYS_SEARCH_USER_PATHS = NO;
				CLANG_ANALYZER_NONNULL = YES;
				CLANG_CXX_LANGUAGE_STANDARD = "gnu++0x";
				CLANG_CXX_LIBRARY = "libc++";
				CLANG_ENABLE_MODULES = YES;
				CLANG_ENABLE_OBJC_ARC = YES;
				CLANG_WARN_BOOL_CONVERSION = YES;
				CLANG_WARN_CONSTANT_CONVERSION = YES;
				CLANG_WARN_DIRECT_OBJC_ISA_USAGE = YES_ERROR;
				CLANG_WARN_DOCUMENTATION_COMMENTS = YES;
				CLANG_WARN_EMPTY_BODY = YES;
				CLANG_WARN_ENUM_CONVERSION = YES;
				CLANG_WARN_INFINITE_RECURSION = YES;
				CLANG_WARN_INT_CONVERSION = YES;
				CLANG_WARN_OBJC_ROOT_CLASS = YES_ERROR;
				CLANG_WARN_SUSPICIOUS_MOVE = YES;
				CLANG_WARN_UNREACHABLE_CODE = YES;
				CLANG_WARN__DUPLICATE_METHOD_MATCH = YES;
				"CODE_SIGN_IDENTITY[sdk=iphoneos*]" = "iPhone Developer";
				COPY_PHASE_STRIP = NO;
				DEBUG_INFORMATION_FORMAT = dwarf;
				ENABLE_STRICT_OBJC_MSGSEND = YES;
				ENABLE_TESTABILITY = YES;
				GCC_C_LANGUAGE_STANDARD = gnu99;
				GCC_DYNAMIC_NO_PIC = NO;
				GCC_NO_COMMON_BLOCKS = YES;
				GCC_OPTIMIZATION_LEVEL = 0;
				GCC_PREPROCESSOR_DEFINITIONS = (
					"DEBUG=1",
					"$(inherited)",
				);
				GCC_WARN_64_TO_32_BIT_CONVERSION = YES;
				GCC_WARN_ABOUT_RETURN_TYPE = YES_ERROR;
				GCC_WARN_UNDECLARED_SELECTOR = YES;
				GCC_WARN_UNINITIALIZED_AUTOS = YES_AGGRESSIVE;
				GCC_WARN_UNUSED_FUNCTION = YES;
				GCC_WARN_UNUSED_VARIABLE = YES;
				IPHONEOS_DEPLOYMENT_TARGET = 10.2;
				MTL_ENABLE_DEBUG_INFO = YES;
				ONLY_ACTIVE_ARCH = YES;
				SDKROOT = iphoneos;
				SWIFT_ACTIVE_COMPILATION_CONDITIONS = DEBUG;
				SWIFT_OPTIMIZATION_LEVEL = "-Onone";
				TARGETED_DEVICE_FAMILY = "1,2";
			};
			name = Debug;
		};
		3F2844811E488E94001E8ED3 /* Release */ = {
			isa = XCBuildConfiguration;
			buildSettings = {
				ALWAYS_SEARCH_USER_PATHS = NO;
				CLANG_ANALYZER_NONNULL = YES;
				CLANG_CXX_LANGUAGE_STANDARD = "gnu++0x";
				CLANG_CXX_LIBRARY = "libc++";
				CLANG_ENABLE_MODULES = YES;
				CLANG_ENABLE_OBJC_ARC = YES;
				CLANG_WARN_BOOL_CONVERSION = YES;
				CLANG_WARN_CONSTANT_CONVERSION = YES;
				CLANG_WARN_DIRECT_OBJC_ISA_USAGE = YES_ERROR;
				CLANG_WARN_DOCUMENTATION_COMMENTS = YES;
				CLANG_WARN_EMPTY_BODY = YES;
				CLANG_WARN_ENUM_CONVERSION = YES;
				CLANG_WARN_INFINITE_RECURSION = YES;
				CLANG_WARN_INT_CONVERSION = YES;
				CLANG_WARN_OBJC_ROOT_CLASS = YES_ERROR;
				CLANG_WARN_SUSPICIOUS_MOVE = YES;
				CLANG_WARN_UNREACHABLE_CODE = YES;
				CLANG_WARN__DUPLICATE_METHOD_MATCH = YES;
				"CODE_SIGN_IDENTITY[sdk=iphoneos*]" = "iPhone Developer";
				COPY_PHASE_STRIP = NO;
				DEBUG_INFORMATION_FORMAT = "dwarf-with-dsym";
				ENABLE_NS_ASSERTIONS = NO;
				ENABLE_STRICT_OBJC_MSGSEND = YES;
				GCC_C_LANGUAGE_STANDARD = gnu99;
				GCC_NO_COMMON_BLOCKS = YES;
				GCC_WARN_64_TO_32_BIT_CONVERSION = YES;
				GCC_WARN_ABOUT_RETURN_TYPE = YES_ERROR;
				GCC_WARN_UNDECLARED_SELECTOR = YES;
				GCC_WARN_UNINITIALIZED_AUTOS = YES_AGGRESSIVE;
				GCC_WARN_UNUSED_FUNCTION = YES;
				GCC_WARN_UNUSED_VARIABLE = YES;
				IPHONEOS_DEPLOYMENT_TARGET = 10.2;
				MTL_ENABLE_DEBUG_INFO = NO;
				SDKROOT = iphoneos;
				SWIFT_OPTIMIZATION_LEVEL = "-Owholemodule";
				TARGETED_DEVICE_FAMILY = "1,2";
				VALIDATE_PRODUCT = YES;
			};
			name = Release;
		};
		3F2844831E488E94001E8ED3 /* Debug */ = {
			isa = XCBuildConfiguration;
			buildSettings = {
				ASSETCATALOG_COMPILER_APPICON_NAME = AppIcon;
				"CODE_SIGN_IDENTITY[sdk=iphoneos*]" = "iPhone Developer";
				DEVELOPMENT_TEAM = 8QBTLLQW94;
				INFOPLIST_FILE = ProjetImerirApp/Info.plist;
				IPHONEOS_DEPLOYMENT_TARGET = 10.2;
				LD_RUNPATH_SEARCH_PATHS = "$(inherited) @executable_path/Frameworks";
				PRODUCT_BUNDLE_IDENTIFIER = fr.imerir.banalejournee;
				PRODUCT_NAME = "$(TARGET_NAME)";
				PROVISIONING_PROFILE_SPECIFIER = "";
				SWIFT_VERSION = 3.0;
				TARGETED_DEVICE_FAMILY = "1,2";
			};
			name = Debug;
		};
		3F2844841E488E94001E8ED3 /* Release */ = {
			isa = XCBuildConfiguration;
			buildSettings = {
				ASSETCATALOG_COMPILER_APPICON_NAME = AppIcon;
				"CODE_SIGN_IDENTITY[sdk=iphoneos*]" = "iPhone Developer";
				DEVELOPMENT_TEAM = 8QBTLLQW94;
				INFOPLIST_FILE = ProjetImerirApp/Info.plist;
				IPHONEOS_DEPLOYMENT_TARGET = 10.2;
				LD_RUNPATH_SEARCH_PATHS = "$(inherited) @executable_path/Frameworks";
				PRODUCT_BUNDLE_IDENTIFIER = fr.imerir.banalejournee;
				PRODUCT_NAME = "$(TARGET_NAME)";
				PROVISIONING_PROFILE_SPECIFIER = "";
				SWIFT_VERSION = 3.0;
				TARGETED_DEVICE_FAMILY = "1,2";
			};
			name = Release;
		};
		3F2844861E488E94001E8ED3 /* Debug */ = {
			isa = XCBuildConfiguration;
			buildSettings = {
				ALWAYS_EMBED_SWIFT_STANDARD_LIBRARIES = YES;
				BUNDLE_LOADER = "$(TEST_HOST)";
				DEVELOPMENT_TEAM = 56URF3SB4V;
				INFOPLIST_FILE = ProjetImerirAppTests/Info.plist;
				LD_RUNPATH_SEARCH_PATHS = "$(inherited) @executable_path/Frameworks @loader_path/Frameworks";
				PRODUCT_BUNDLE_IDENTIFIER = laumonier.ProjetImerirAppTests;
				PRODUCT_NAME = "$(TARGET_NAME)";
				SWIFT_VERSION = 3.0;
				TEST_HOST = "$(BUILT_PRODUCTS_DIR)/ProjetImerirApp.app/ProjetImerirApp";
			};
			name = Debug;
		};
		3F2844871E488E94001E8ED3 /* Release */ = {
			isa = XCBuildConfiguration;
			buildSettings = {
				ALWAYS_EMBED_SWIFT_STANDARD_LIBRARIES = YES;
				BUNDLE_LOADER = "$(TEST_HOST)";
				DEVELOPMENT_TEAM = 56URF3SB4V;
				INFOPLIST_FILE = ProjetImerirAppTests/Info.plist;
				LD_RUNPATH_SEARCH_PATHS = "$(inherited) @executable_path/Frameworks @loader_path/Frameworks";
				PRODUCT_BUNDLE_IDENTIFIER = laumonier.ProjetImerirAppTests;
				PRODUCT_NAME = "$(TARGET_NAME)";
				SWIFT_VERSION = 3.0;
				TEST_HOST = "$(BUILT_PRODUCTS_DIR)/ProjetImerirApp.app/ProjetImerirApp";
			};
			name = Release;
		};
/* End XCBuildConfiguration section */

/* Begin XCConfigurationList section */
		3F2844601E488E94001E8ED3 /* Build configuration list for PBXProject "ProjetImerirApp" */ = {
			isa = XCConfigurationList;
			buildConfigurations = (
				3F2844801E488E94001E8ED3 /* Debug */,
				3F2844811E488E94001E8ED3 /* Release */,
			);
			defaultConfigurationIsVisible = 0;
			defaultConfigurationName = Release;
		};
		3F2844821E488E94001E8ED3 /* Build configuration list for PBXNativeTarget "ProjetImerirApp" */ = {
			isa = XCConfigurationList;
			buildConfigurations = (
				3F2844831E488E94001E8ED3 /* Debug */,
				3F2844841E488E94001E8ED3 /* Release */,
			);
			defaultConfigurationIsVisible = 0;
			defaultConfigurationName = Release;
		};
		3F2844851E488E94001E8ED3 /* Build configuration list for PBXNativeTarget "ProjetImerirAppTests" */ = {
			isa = XCConfigurationList;
			buildConfigurations = (
				3F2844861E488E94001E8ED3 /* Debug */,
				3F2844871E488E94001E8ED3 /* Release */,
			);
			defaultConfigurationIsVisible = 0;
			defaultConfigurationName = Release;
		};
/* End XCConfigurationList section */
	};
	rootObject = 3F28445D1E488E94001E8ED3 /* Project object */;
}
